{
  "pins" : [
    {
      "identity" : "alamofire",
      "kind" : "remoteSourceControl",
      "location" : "https://github.com/Alamofire/Alamofire.git",
      "state" : {
        "revision" : "b2fa556e4e48cbf06cf8c63def138c98f4b811fa",
        "version" : "5.8.0"
      }
    },
    {
      "identity" : "happy-dns-objc",
      "kind" : "remoteSourceControl",
      "location" : "https://github.com/qiniu/happy-dns-objc",
      "state" : {
        "revision" : "7c328a44263d97d843ff9963a9d85091bfe88d43",
        "version" : "1.0.3"
      }
    },
    {
      "identity" : "kakajson",
      "kind" : "remoteSourceControl",
      "location" : "https://github.com/kakaopensource/KakaJSON",
      "state" : {
        "revision" : "88d8587a90b8efaac9228baee3a759c25f8a6dd3",
        "version" : "1.1.2"
      }
    },
    {
      "identity" : "kingfisher",
      "kind" : "remoteSourceControl",
      "location" : "https://github.com/onevcat/Kingfisher",
      "state" : {
        "revision" : "b6f62758f21a8c03cd64f4009c037cfa580a256e",
        "version" : "7.9.1"
      }
    },
    {
      "identity" : "lottie-ios",
      "kind" : "remoteSourceControl",
      "location" : "https://github.com/airbnb/lottie-ios",
      "state" : {
        "revision" : "45517c3cfec9469bbdd4f86e32393c28ae9df0bc",
        "version" : "4.3.3"
      }
    },
    {
      "identity" : "moya",
      "kind" : "remoteSourceControl",
      "location" : "https://github.com/Moya/Moya.git",
      "state" : {
        "revision" : "c263811c1f3dbf002be9bd83107f7cdc38992b26",
        "version" : "15.0.3"
      }
    },
    {
      "identity" : "objc-sdk",
      "kind" : "remoteSourceControl",
      "location" : "https://github.com/qiniu/objc-sdk",
      "state" : {
        "revision" : "c1bdb198c5aa00ff4a4e7e8d580ed587977f455d",
        "version" : "8.6.0"
      }
    },
    {
      "identity" : "panmodal",
      "kind" : "remoteSourceControl",
      "location" : "https://github.com/slackhq/PanModal.git",
      "state" : {
        "revision" : "b012aecb6b67a8e46369227f893c12544846613f",
        "version" : "1.2.7"
      }
    },
    {
      "identity" : "reactiveswift",
      "kind" : "remoteSourceControl",
      "location" : "https://github.com/ReactiveCocoa/ReactiveSwift.git",
      "state" : {
        "revision" : "c43bae3dac73fdd3cb906bd5a1914686ca71ed3c",
        "version" : "6.7.0"
      }
    },
    {
      "identity" : "rxswift",
      "kind" : "remoteSourceControl",
      "location" : "https://github.com/ReactiveX/RxSwift.git",
      "state" : {
        "revision" : "9dcaa4b333db437b0fbfaf453fad29069044a8b4",
        "version" : "6.6.0"
      }
    },
    {
      "identity" : "swifterswift",
      "kind" : "remoteSourceControl",
      "location" : "https://github.com/SwifterSwift/SwifterSwift",
      "state" : {
        "revision" : "933f27d8e7fa0bf8200a5d6235e0de383b801126",
        "version" : "5.3.0"
      }
    },
    {
      "identity" : "swiftui-introspect",
      "kind" : "remoteSourceControl",
      "location" : "https://github.com/siteline/swiftui-introspect",
      "state" : {
        "revision" : "3ced72fccb284235c266c1e8a32f1bf93129fc74",
        "version" : "1.1.0"
      }
    },
    {
      "identity" : "swiftyjson",
      "kind" : "remoteSourceControl",
      "location" : "https://github.com/SwiftyJSON/SwiftyJSON",
      "state" : {
        "revision" : "b3dcd7dbd0d488e1a7077cb33b00f2083e382f07",
        "version" : "5.0.1"
      }
    },
    {
      "identity" : "tagcloud",
      "kind" : "remoteSourceControl",
      "location" : "https://github.com/yarspirin/TagCloud.git",
      "state" : {
        "revision" : "81c1019541c2748cfecff4eabc05ca0bdcaa3713",
        "version" : "1.0.4"
      }
    },
    {
      "identity" : "toaster",
      "kind" : "remoteSourceControl",
      "location" : "https://github.com/devxoul/Toaster",
      "state" : {
        "branch" : "master",
        "revision" : "a5aacb802cc6c243c3283899529a11f7b0f2ab53"
      }
    },
    {
      "identity" : "zlphotobrowser",
      "kind" : "remoteSourceControl",
      "location" : "https://github.com/longitachi/ZLPhotoBrowser",
      "state" : {
        "revision" : "dce6f5c2032a0eef6f03356838b0869304b1e73b",
        "version" : "4.4.5"
      }
    }
  ],
  "version" : 2
}
