// !$*UTF8*$!
{
	archiveVersion = 1;
	classes = {
	};
	objectVersion = 56;
	objects = {

/* Begin PBXBuildFile section */
		AA90DF0E0CC2F503883F939F /* Pods_SwiftUIRoute.framework in Frameworks */ = {isa = PBXBuildFile; fileRef = D28AEF7F1C9130CB4DFF8930 /* Pods_SwiftUIRoute.framework */; };
		DF066B002AD2A2F70076B1C6 /* LocalUserManager.swift in Sources */ = {isa = PBXBuildFile; fileRef = DF066AFF2AD2A2F70076B1C6 /* LocalUserManager.swift */; };
		DF066B022AD2A37B0076B1C6 /* UserInfo.swift in Sources */ = {isa = PBXBuildFile; fileRef = DF066B012AD2A37B0076B1C6 /* UserInfo.swift */; };
		DF066B042AD2A4AB0076B1C6 /* Convertible+.swift in Sources */ = {isa = PBXBuildFile; fileRef = DF066B032AD2A4AB0076B1C6 /* Convertible+.swift */; };
		DF066B062AD2A6190076B1C6 /* TokenModel.swift in Sources */ = {isa = PBXBuildFile; fileRef = DF066B052AD2A6190076B1C6 /* TokenModel.swift */; };
		DF066B082AD2A76F0076B1C6 /* StepModel.swift in Sources */ = {isa = PBXBuildFile; fileRef = DF066B072AD2A76F0076B1C6 /* StepModel.swift */; };
		DF066B0A2AD2AAB60076B1C6 /* CommonApi.swift in Sources */ = {isa = PBXBuildFile; fileRef = DF066B092AD2AAB60076B1C6 /* CommonApi.swift */; };
		DF066B0C2AD2AAC60076B1C6 /* LoginApi.swift in Sources */ = {isa = PBXBuildFile; fileRef = DF066B0B2AD2AAC60076B1C6 /* LoginApi.swift */; };
		DF066B0E2AD2AACF0076B1C6 /* UserApi.swift in Sources */ = {isa = PBXBuildFile; fileRef = DF066B0D2AD2AACF0076B1C6 /* UserApi.swift */; };
		DF066B102AD2AE5C0076B1C6 /* LoginViewModel.swift in Sources */ = {isa = PBXBuildFile; fileRef = DF066B0F2AD2AE5C0076B1C6 /* LoginViewModel.swift */; };
		DF066B122AD2AEFE0076B1C6 /* BaseViewModel.swift in Sources */ = {isa = PBXBuildFile; fileRef = DF066B112AD2AEFE0076B1C6 /* BaseViewModel.swift */; };
		DF066B162AD394D10076B1C6 /* NDTheme.swift in Sources */ = {isa = PBXBuildFile; fileRef = DF066B152AD394D10076B1C6 /* NDTheme.swift */; };
		DF066B182AD3978A0076B1C6 /* Font+.swift in Sources */ = {isa = PBXBuildFile; fileRef = DF066B172AD3978A0076B1C6 /* Font+.swift */; };
		DF066B1A2AD39F1D0076B1C6 /* TextField+.swift in Sources */ = {isa = PBXBuildFile; fileRef = DF066B192AD39F1D0076B1C6 /* TextField+.swift */; };
		DF066B1C2AD3A26D0076B1C6 /* Styles.swift in Sources */ = {isa = PBXBuildFile; fileRef = DF066B1B2AD3A26C0076B1C6 /* Styles.swift */; };
		DF066B1E2AD3A56D0076B1C6 /* Button+.swift in Sources */ = {isa = PBXBuildFile; fileRef = DF066B1D2AD3A56D0076B1C6 /* Button+.swift */; };
		DF066B212AD3BF710076B1C6 /* PerfectBaseInfoView.swift in Sources */ = {isa = PBXBuildFile; fileRef = DF066B202AD3BF710076B1C6 /* PerfectBaseInfoView.swift */; };
		DF066B252AD3C0760076B1C6 /* CharacterMatchView.swift in Sources */ = {isa = PBXBuildFile; fileRef = DF066B242AD3C0760076B1C6 /* CharacterMatchView.swift */; };
		DF066B272AD3C0960076B1C6 /* PetAdoptCompletedView.swift in Sources */ = {isa = PBXBuildFile; fileRef = DF066B262AD3C0960076B1C6 /* PetAdoptCompletedView.swift */; };
		DF066B292AD3C0CE0076B1C6 /* ThirdSDKManager.swift in Sources */ = {isa = PBXBuildFile; fileRef = DF066B282AD3C0CE0076B1C6 /* ThirdSDKManager.swift */; };
		DF066B2B2AD3C30F0076B1C6 /* RouteStore+Helps.swift in Sources */ = {isa = PBXBuildFile; fileRef = DF066B2A2AD3C30F0076B1C6 /* RouteStore+Helps.swift */; };
		DF066B2D2AD3CDF10076B1C6 /* UserAvatar.swift in Sources */ = {isa = PBXBuildFile; fileRef = DF066B2C2AD3CDF10076B1C6 /* UserAvatar.swift */; };
		DF066B312AD3D5E30076B1C6 /* UploadUserAvatar.swift in Sources */ = {isa = PBXBuildFile; fileRef = DF066B302AD3D5E30076B1C6 /* UploadUserAvatar.swift */; };
		DF066B332AD3E1620076B1C6 /* PerfectBaseInfoViewModel.swift in Sources */ = {isa = PBXBuildFile; fileRef = DF066B322AD3E1620076B1C6 /* PerfectBaseInfoViewModel.swift */; };
		DF066B352AD3E42C0076B1C6 /* OSSManager.swift in Sources */ = {isa = PBXBuildFile; fileRef = DF066B342AD3E42B0076B1C6 /* OSSManager.swift */; };
		DF066B382AD3E8810076B1C6 /* NDListPickerSheet.swift in Sources */ = {isa = PBXBuildFile; fileRef = DF066B372AD3E8810076B1C6 /* NDListPickerSheet.swift */; };
		DF066B3A2AD3EEA30076B1C6 /* NDBottomSheetView.swift in Sources */ = {isa = PBXBuildFile; fileRef = DF066B392AD3EEA30076B1C6 /* NDBottomSheetView.swift */; };
		DF066B3C2AD3F0120076B1C6 /* NDBottomSheetCard.swift in Sources */ = {isa = PBXBuildFile; fileRef = DF066B3B2AD3F0120076B1C6 /* NDBottomSheetCard.swift */; };
		DF066B3E2AD3F1DC0076B1C6 /* NDBottomSheetItem.swift in Sources */ = {isa = PBXBuildFile; fileRef = DF066B3D2AD3F1DC0076B1C6 /* NDBottomSheetItem.swift */; };
		DF066B402AD4E8FA0076B1C6 /* GlobalDataStore.swift in Sources */ = {isa = PBXBuildFile; fileRef = DF066B3F2AD4E8FA0076B1C6 /* GlobalDataStore.swift */; };
		DF066B422AD4F0180076B1C6 /* String+.swift in Sources */ = {isa = PBXBuildFile; fileRef = DF066B412AD4F0180076B1C6 /* String+.swift */; };
		DF066B442AD4F5C00076B1C6 /* PetApi.swift in Sources */ = {isa = PBXBuildFile; fileRef = DF066B432AD4F5C00076B1C6 /* PetApi.swift */; };
		DF066B462AD4FAEA0076B1C6 /* PetModel.swift in Sources */ = {isa = PBXBuildFile; fileRef = DF066B452AD4FAEA0076B1C6 /* PetModel.swift */; };
		DF066B482AD539880076B1C6 /* PetRecommendView.swift in Sources */ = {isa = PBXBuildFile; fileRef = DF066B472AD539880076B1C6 /* PetRecommendView.swift */; };
		DF066B4A2AD53BEA0076B1C6 /* StateObject+.swift in Sources */ = {isa = PBXBuildFile; fileRef = DF066B492AD53BEA0076B1C6 /* StateObject+.swift */; };
		DF066B4D2AD5408E0076B1C6 /* TagCloud in Frameworks */ = {isa = PBXBuildFile; productRef = DF066B4C2AD5408E0076B1C6 /* TagCloud */; };
		DF066B532AD5442B0076B1C6 /* PanModal in Frameworks */ = {isa = PBXBuildFile; productRef = DF066B522AD5442B0076B1C6 /* PanModal */; };
		DF066B562AD544A90076B1C6 /* SwiftUIIntrospect in Frameworks */ = {isa = PBXBuildFile; productRef = DF066B552AD544A90076B1C6 /* SwiftUIIntrospect */; };
		DF066B592AD5451E0076B1C6 /* SwifterSwift in Frameworks */ = {isa = PBXBuildFile; productRef = DF066B582AD5451E0076B1C6 /* SwifterSwift */; };
		DF066B5C2AD5455B0076B1C6 /* KakaJSON in Frameworks */ = {isa = PBXBuildFile; productRef = DF066B5B2AD5455B0076B1C6 /* KakaJSON */; };
		DF066B5F2AD545810076B1C6 /* SwiftyJSON in Frameworks */ = {isa = PBXBuildFile; productRef = DF066B5E2AD545810076B1C6 /* SwiftyJSON */; };
		DF066B622AD545CE0076B1C6 /* Kingfisher in Frameworks */ = {isa = PBXBuildFile; productRef = DF066B612AD545CE0076B1C6 /* Kingfisher */; };
		DF066B652AD546330076B1C6 /* Toaster in Frameworks */ = {isa = PBXBuildFile; productRef = DF066B642AD546330076B1C6 /* Toaster */; };
		DF1F35522AC17FF9009147D3 /* MainView.swift in Sources */ = {isa = PBXBuildFile; fileRef = DF1F35512AC17FF9009147D3 /* MainView.swift */; };
		DF1F35572AC18075009147D3 /* AAEnums.swift in Sources */ = {isa = PBXBuildFile; fileRef = DF1F35562AC18075009147D3 /* AAEnums.swift */; };
		DF1F355A2AC1825F009147D3 /* MainViewModel.swift in Sources */ = {isa = PBXBuildFile; fileRef = DF1F35592AC1825F009147D3 /* MainViewModel.swift */; };
		DF1F355C2AC182B5009147D3 /* MainTabBar.swift in Sources */ = {isa = PBXBuildFile; fileRef = DF1F355B2AC182B5009147D3 /* MainTabBar.swift */; };
		DF1F35612AC18573009147D3 /* WelcomeView.swift in Sources */ = {isa = PBXBuildFile; fileRef = DF1F35602AC18573009147D3 /* WelcomeView.swift */; };
		DF1F35632AC185B8009147D3 /* WelcomeViewModel.swift in Sources */ = {isa = PBXBuildFile; fileRef = DF1F35622AC185B8009147D3 /* WelcomeViewModel.swift */; };
		DF1F35692AC18CD4009147D3 /* GlobalFuction.swift in Sources */ = {isa = PBXBuildFile; fileRef = DF1F35682AC18CD4009147D3 /* GlobalFuction.swift */; };
		DF1F356C2AC1908A009147D3 /* LoginView.swift in Sources */ = {isa = PBXBuildFile; fileRef = DF1F356B2AC1908A009147D3 /* LoginView.swift */; };
		DF5D4C262AD54DF1006981CA /* Moya in Frameworks */ = {isa = PBXBuildFile; productRef = DF5D4C252AD54DF1006981CA /* Moya */; };
		DF5D4C292AD54E9F006981CA /* Lottie in Frameworks */ = {isa = PBXBuildFile; productRef = DF5D4C282AD54E9F006981CA /* Lottie */; };
		DF5D4C2C2AD54EE2006981CA /* ZLPhotoBrowser in Frameworks */ = {isa = PBXBuildFile; productRef = DF5D4C2B2AD54EE2006981CA /* ZLPhotoBrowser */; };
		DF5D4C2F2AD54FB2006981CA /* Qiniu in Frameworks */ = {isa = PBXBuildFile; productRef = DF5D4C2E2AD54FB2006981CA /* Qiniu */; };
		DF71968F2AA0702E0073F214 /* AppDelegate.swift in Sources */ = {isa = PBXBuildFile; fileRef = DF71968E2AA0702E0073F214 /* AppDelegate.swift */; };
		DF7196912AA0702E0073F214 /* SceneDelegate.swift in Sources */ = {isa = PBXBuildFile; fileRef = DF7196902AA0702E0073F214 /* SceneDelegate.swift */; };
		DF7196982AA0702F0073F214 /* Assets.xcassets in Resources */ = {isa = PBXBuildFile; fileRef = DF7196972AA0702F0073F214 /* Assets.xcassets */; };
		DF71969B2AA0702F0073F214 /* LaunchScreen.storyboard in Resources */ = {isa = PBXBuildFile; fileRef = DF7196992AA0702F0073F214 /* LaunchScreen.storyboard */; };
		DF7196A52AA072A40073F214 /* RouteNavigationController.swift in Sources */ = {isa = PBXBuildFile; fileRef = DF7196A42AA072A40073F214 /* RouteNavigationController.swift */; };
		DF7196A72AA072B30073F214 /* RouteSplitViewController.swift in Sources */ = {isa = PBXBuildFile; fileRef = DF7196A62AA072B30073F214 /* RouteSplitViewController.swift */; };
		DF7196A92AA072C00073F214 /* RouteViewController.swift in Sources */ = {isa = PBXBuildFile; fileRef = DF7196A82AA072C00073F214 /* RouteViewController.swift */; };
		DF7196AD2AA073A90073F214 /* Route.swift in Sources */ = {isa = PBXBuildFile; fileRef = DF7196AC2AA073A90073F214 /* Route.swift */; };
		DF7196B12AA074490073F214 /* Route+Page.swift in Sources */ = {isa = PBXBuildFile; fileRef = DF7196B02AA074490073F214 /* Route+Page.swift */; };
		DF7196B32AA074D00073F214 /* RouteStore.swift in Sources */ = {isa = PBXBuildFile; fileRef = DF7196B22AA074D00073F214 /* RouteStore.swift */; };
		DF7196B92AA076900073F214 /* UIViewController+Route.swift in Sources */ = {isa = PBXBuildFile; fileRef = DF7196B82AA076900073F214 /* UIViewController+Route.swift */; };
		DF7196BB2AA07FCD0073F214 /* View+Route.swift in Sources */ = {isa = PBXBuildFile; fileRef = DF7196BA2AA07FCD0073F214 /* View+Route.swift */; };
		DF7D8B322AC3BDAA00FA0E01 /* HomeView.swift in Sources */ = {isa = PBXBuildFile; fileRef = DF7D8B312AC3BDAA00FA0E01 /* HomeView.swift */; };
		DF7D8B362AC3DECB00FA0E01 /* RouteViewController+CustomSheetable.swift in Sources */ = {isa = PBXBuildFile; fileRef = DF7D8B352AC3DECB00FA0E01 /* RouteViewController+CustomSheetable.swift */; };
		DF7D8B392AC3F4D700FA0E01 /* FullscreenAnimatorDelegate.swift in Sources */ = {isa = PBXBuildFile; fileRef = DF7D8B382AC3F4D700FA0E01 /* FullscreenAnimatorDelegate.swift */; };
		DF7D8B3B2AC3F6F700FA0E01 /* PresentationBackgroudController.swift in Sources */ = {isa = PBXBuildFile; fileRef = DF7D8B3A2AC3F6F700FA0E01 /* PresentationBackgroudController.swift */; };
		DF7D8B3D2AC3FB9700FA0E01 /* BaseAnimatorDelegate.swift in Sources */ = {isa = PBXBuildFile; fileRef = DF7D8B3C2AC3FB9700FA0E01 /* BaseAnimatorDelegate.swift */; };
		DF7D8B402AC3FF2500FA0E01 /* TestView.swift in Sources */ = {isa = PBXBuildFile; fileRef = DF7D8B3F2AC3FF2500FA0E01 /* TestView.swift */; };
		DF7D8B432AC4089500FA0E01 /* NavBarViewModifier.swift in Sources */ = {isa = PBXBuildFile; fileRef = DF7D8B422AC4089400FA0E01 /* NavBarViewModifier.swift */; };
		DF7D8B452AC40C7A00FA0E01 /* BarBackgorundView.swift in Sources */ = {isa = PBXBuildFile; fileRef = DF7D8B442AC40C7A00FA0E01 /* BarBackgorundView.swift */; };
		DF7D8B472AC40DDA00FA0E01 /* BottomBarViewModifier.swift in Sources */ = {isa = PBXBuildFile; fileRef = DF7D8B462AC40DDA00FA0E01 /* BottomBarViewModifier.swift */; };
		DF7D8B4A2AC4108C00FA0E01 /* Color+.swift in Sources */ = {isa = PBXBuildFile; fileRef = DF7D8B492AC4108C00FA0E01 /* Color+.swift */; };
		DF7D8B4C2AC412E100FA0E01 /* Text+.swift in Sources */ = {isa = PBXBuildFile; fileRef = DF7D8B4B2AC412E100FA0E01 /* Text+.swift */; };
		DF7D8B4E2AC4132D00FA0E01 /* Shape+.swift in Sources */ = {isa = PBXBuildFile; fileRef = DF7D8B4D2AC4132D00FA0E01 /* Shape+.swift */; };
		DF7D8B502AC4136E00FA0E01 /* View+.swift in Sources */ = {isa = PBXBuildFile; fileRef = DF7D8B4F2AC4136E00FA0E01 /* View+.swift */; };
		DF7D8B522AC413C300FA0E01 /* BlurView.swift in Sources */ = {isa = PBXBuildFile; fileRef = DF7D8B512AC413C300FA0E01 /* BlurView.swift */; };
		DF7D8B542AC413FA00FA0E01 /* ProjectConfig.swift in Sources */ = {isa = PBXBuildFile; fileRef = DF7D8B532AC413FA00FA0E01 /* ProjectConfig.swift */; };
		DF815D672AC4325F008DB6DC /* NDTargetType.swift in Sources */ = {isa = PBXBuildFile; fileRef = DF815D662AC4325F008DB6DC /* NDTargetType.swift */; };
		DF815D692AC43889008DB6DC /* Networking.swift in Sources */ = {isa = PBXBuildFile; fileRef = DF815D682AC43889008DB6DC /* Networking.swift */; };
		DF815D6D2AC4394A008DB6DC /* NetworkPopPlugin.swift in Sources */ = {isa = PBXBuildFile; fileRef = DF815D6B2AC4394A008DB6DC /* NetworkPopPlugin.swift */; };
		DF815D6E2AC4394A008DB6DC /* NetworkLoggerPlugin.swift in Sources */ = {isa = PBXBuildFile; fileRef = DF815D6C2AC4394A008DB6DC /* NetworkLoggerPlugin.swift */; };
		DF815D712AC43A46008DB6DC /* MoyaProviderType+Extension.swift in Sources */ = {isa = PBXBuildFile; fileRef = DF815D702AC43A45008DB6DC /* MoyaProviderType+Extension.swift */; };
		DF815D732AC43A65008DB6DC /* MoyaResult+Extension.swift in Sources */ = {isa = PBXBuildFile; fileRef = DF815D722AC43A65008DB6DC /* MoyaResult+Extension.swift */; };
		DF815D752AC43B1C008DB6DC /* Response+Extension.swift in Sources */ = {isa = PBXBuildFile; fileRef = DF815D742AC43B1C008DB6DC /* Response+Extension.swift */; };
		DF815D782AC4404C008DB6DC /* TestApi.swift in Sources */ = {isa = PBXBuildFile; fileRef = DF815D772AC4404C008DB6DC /* TestApi.swift */; };
		DF815D7A2AC44DBA008DB6DC /* NDProgress.swift in Sources */ = {isa = PBXBuildFile; fileRef = DF815D792AC44DBA008DB6DC /* NDProgress.swift */; };
		DF87F0812AC56955000A0F37 /* loading_cir.json in Resources */ = {isa = PBXBuildFile; fileRef = DF87F0802AC56955000A0F37 /* loading_cir.json */; };
		DF8C8F132AC5186200DF8895 /* NDScaffold.swift in Sources */ = {isa = PBXBuildFile; fileRef = DF8C8F122AC5186200DF8895 /* NDScaffold.swift */; };
		DF8C8F152AC5230500DF8895 /* NDNavBar.swift in Sources */ = {isa = PBXBuildFile; fileRef = DF8C8F142AC5230500DF8895 /* NDNavBar.swift */; };
		DF8C8F172AC5273700DF8895 /* NDBottomBar.swift in Sources */ = {isa = PBXBuildFile; fileRef = DF8C8F162AC5273700DF8895 /* NDBottomBar.swift */; };
		DF8C8F1D2AC54E9800DF8895 /* NDLottieView.swift in Sources */ = {isa = PBXBuildFile; fileRef = DF8C8F1C2AC54E9700DF8895 /* NDLottieView.swift */; };
		DF8C8F332AC553A900DF8895 /* Tosta_Check_User.json in Resources */ = {isa = PBXBuildFile; fileRef = DF8C8F202AC553A900DF8895 /* Tosta_Check_User.json */; };
		DF8C8F342AC553A900DF8895 /* Tosta_Check_OK.json in Resources */ = {isa = PBXBuildFile; fileRef = DF8C8F212AC553A900DF8895 /* Tosta_Check_OK.json */; };
		DF8C8F352AC553A900DF8895 /* Tosta_Check_Phone.json in Resources */ = {isa = PBXBuildFile; fileRef = DF8C8F222AC553A900DF8895 /* Tosta_Check_Phone.json */; };
		DF8C8F362AC553A900DF8895 /* Tosta_Check_Trash.json in Resources */ = {isa = PBXBuildFile; fileRef = DF8C8F232AC553A900DF8895 /* Tosta_Check_Trash.json */; };
		DF8C8F372AC553A900DF8895 /* ailoading.json in Resources */ = {isa = PBXBuildFile; fileRef = DF8C8F252AC553A900DF8895 /* ailoading.json */; };
		DF8C8F382AC553A900DF8895 /* loading_gray.json in Resources */ = {isa = PBXBuildFile; fileRef = DF8C8F262AC553A900DF8895 /* loading_gray.json */; };
		DF8C8F392AC553A900DF8895 /* flower_appear.json in Resources */ = {isa = PBXBuildFile; fileRef = DF8C8F282AC553A900DF8895 /* flower_appear.json */; };
		DF8C8F3A2AC553A900DF8895 /* flower_open.json in Resources */ = {isa = PBXBuildFile; fileRef = DF8C8F292AC553A900DF8895 /* flower_open.json */; };
		DF8C8F3B2AC553A900DF8895 /* red_bell.json in Resources */ = {isa = PBXBuildFile; fileRef = DF8C8F2B2AC553A900DF8895 /* red_bell.json */; };
		DF8C8F3C2AC553A900DF8895 /* blue_bell.json in Resources */ = {isa = PBXBuildFile; fileRef = DF8C8F2C2AC553A900DF8895 /* blue_bell.json */; };
		DF8C8F3D2AC553A900DF8895 /* yellow_bell.json in Resources */ = {isa = PBXBuildFile; fileRef = DF8C8F2D2AC553A900DF8895 /* yellow_bell.json */; };
		DF8C8F3E2AC553A900DF8895 /* green_bell.json in Resources */ = {isa = PBXBuildFile; fileRef = DF8C8F2E2AC553A900DF8895 /* green_bell.json */; };
		DF8C8F3F2AC553A900DF8895 /* wellcome.json in Resources */ = {isa = PBXBuildFile; fileRef = DF8C8F302AC553A900DF8895 /* wellcome.json */; };
		DF8C8F402AC553A900DF8895 /* loginsky.json in Resources */ = {isa = PBXBuildFile; fileRef = DF8C8F312AC553A900DF8895 /* loginsky.json */; };
		DF8C8F412AC553A900DF8895 /* launchtext.json in Resources */ = {isa = PBXBuildFile; fileRef = DF8C8F322AC553A900DF8895 /* launchtext.json */; };
		DF8C8F432AC55B9800DF8895 /* NDLoaddingView.swift in Sources */ = {isa = PBXBuildFile; fileRef = DF8C8F422AC55B9800DF8895 /* NDLoaddingView.swift */; };
		DF8C8F452AC5602400DF8895 /* NDToast.swift in Sources */ = {isa = PBXBuildFile; fileRef = DF8C8F442AC5602400DF8895 /* NDToast.swift */; };
		DF8C8F472AC5684100DF8895 /* loading_dot.json in Resources */ = {isa = PBXBuildFile; fileRef = DF8C8F462AC5684100DF8895 /* loading_dot.json */; };
		DFD766292AA983C300233310 /* SwiftUIAndModifier.swift in Sources */ = {isa = PBXBuildFile; fileRef = DFD766282AA983C300233310 /* SwiftUIAndModifier.swift */; };
		DFD7662B2AA9A0D900233310 /* ScrollViewContentOffset.swift in Sources */ = {isa = PBXBuildFile; fileRef = DFD7662A2AA9A0D900233310 /* ScrollViewContentOffset.swift */; };
/* End PBXBuildFile section */

/* Begin PBXFileReference section */
		00868EB4704E26CF766DB6C7 /* Pods-SwiftUIRoute.release.xcconfig */ = {isa = PBXFileReference; includeInIndex = 1; lastKnownFileType = text.xcconfig; name = "Pods-SwiftUIRoute.release.xcconfig"; path = "Target Support Files/Pods-SwiftUIRoute/Pods-SwiftUIRoute.release.xcconfig"; sourceTree = "<group>"; };
		7B2DF52C205F1FEEFAE013C7 /* Pods-SwiftUIRoute.debug.xcconfig */ = {isa = PBXFileReference; includeInIndex = 1; lastKnownFileType = text.xcconfig; name = "Pods-SwiftUIRoute.debug.xcconfig"; path = "Target Support Files/Pods-SwiftUIRoute/Pods-SwiftUIRoute.debug.xcconfig"; sourceTree = "<group>"; };
		D28AEF7F1C9130CB4DFF8930 /* Pods_SwiftUIRoute.framework */ = {isa = PBXFileReference; explicitFileType = wrapper.framework; includeInIndex = 0; path = Pods_SwiftUIRoute.framework; sourceTree = BUILT_PRODUCTS_DIR; };
		DF066AFF2AD2A2F70076B1C6 /* LocalUserManager.swift */ = {isa = PBXFileReference; lastKnownFileType = sourcecode.swift; path = LocalUserManager.swift; sourceTree = "<group>"; };
		DF066B012AD2A37B0076B1C6 /* UserInfo.swift */ = {isa = PBXFileReference; lastKnownFileType = sourcecode.swift; path = UserInfo.swift; sourceTree = "<group>"; };
		DF066B032AD2A4AB0076B1C6 /* Convertible+.swift */ = {isa = PBXFileReference; lastKnownFileType = sourcecode.swift; path = "Convertible+.swift"; sourceTree = "<group>"; };
		DF066B052AD2A6190076B1C6 /* TokenModel.swift */ = {isa = PBXFileReference; lastKnownFileType = sourcecode.swift; path = TokenModel.swift; sourceTree = "<group>"; };
		DF066B072AD2A76F0076B1C6 /* StepModel.swift */ = {isa = PBXFileReference; lastKnownFileType = sourcecode.swift; path = StepModel.swift; sourceTree = "<group>"; };
		DF066B092AD2AAB60076B1C6 /* CommonApi.swift */ = {isa = PBXFileReference; lastKnownFileType = sourcecode.swift; path = CommonApi.swift; sourceTree = "<group>"; };
		DF066B0B2AD2AAC60076B1C6 /* LoginApi.swift */ = {isa = PBXFileReference; lastKnownFileType = sourcecode.swift; path = LoginApi.swift; sourceTree = "<group>"; };
		DF066B0D2AD2AACF0076B1C6 /* UserApi.swift */ = {isa = PBXFileReference; lastKnownFileType = sourcecode.swift; path = UserApi.swift; sourceTree = "<group>"; };
		DF066B0F2AD2AE5C0076B1C6 /* LoginViewModel.swift */ = {isa = PBXFileReference; lastKnownFileType = sourcecode.swift; path = LoginViewModel.swift; sourceTree = "<group>"; };
		DF066B112AD2AEFE0076B1C6 /* BaseViewModel.swift */ = {isa = PBXFileReference; lastKnownFileType = sourcecode.swift; path = BaseViewModel.swift; sourceTree = "<group>"; };
		DF066B152AD394D10076B1C6 /* NDTheme.swift */ = {isa = PBXFileReference; lastKnownFileType = sourcecode.swift; path = NDTheme.swift; sourceTree = "<group>"; };
		DF066B172AD3978A0076B1C6 /* Font+.swift */ = {isa = PBXFileReference; lastKnownFileType = sourcecode.swift; path = "Font+.swift"; sourceTree = "<group>"; };
		DF066B192AD39F1D0076B1C6 /* TextField+.swift */ = {isa = PBXFileReference; lastKnownFileType = sourcecode.swift; path = "TextField+.swift"; sourceTree = "<group>"; };
		DF066B1B2AD3A26C0076B1C6 /* Styles.swift */ = {isa = PBXFileReference; lastKnownFileType = sourcecode.swift; path = Styles.swift; sourceTree = "<group>"; };
		DF066B1D2AD3A56D0076B1C6 /* Button+.swift */ = {isa = PBXFileReference; lastKnownFileType = sourcecode.swift; path = "Button+.swift"; sourceTree = "<group>"; };
		DF066B202AD3BF710076B1C6 /* PerfectBaseInfoView.swift */ = {isa = PBXFileReference; lastKnownFileType = sourcecode.swift; path = PerfectBaseInfoView.swift; sourceTree = "<group>"; };
		DF066B242AD3C0760076B1C6 /* CharacterMatchView.swift */ = {isa = PBXFileReference; lastKnownFileType = sourcecode.swift; path = CharacterMatchView.swift; sourceTree = "<group>"; };
		DF066B262AD3C0960076B1C6 /* PetAdoptCompletedView.swift */ = {isa = PBXFileReference; lastKnownFileType = sourcecode.swift; path = PetAdoptCompletedView.swift; sourceTree = "<group>"; };
		DF066B282AD3C0CE0076B1C6 /* ThirdSDKManager.swift */ = {isa = PBXFileReference; lastKnownFileType = sourcecode.swift; path = ThirdSDKManager.swift; sourceTree = "<group>"; };
		DF066B2A2AD3C30F0076B1C6 /* RouteStore+Helps.swift */ = {isa = PBXFileReference; fileEncoding = 4; lastKnownFileType = sourcecode.swift; path = "RouteStore+Helps.swift"; sourceTree = "<group>"; };
		DF066B2C2AD3CDF10076B1C6 /* UserAvatar.swift */ = {isa = PBXFileReference; lastKnownFileType = sourcecode.swift; path = UserAvatar.swift; sourceTree = "<group>"; };
		DF066B302AD3D5E30076B1C6 /* UploadUserAvatar.swift */ = {isa = PBXFileReference; lastKnownFileType = sourcecode.swift; path = UploadUserAvatar.swift; sourceTree = "<group>"; };
		DF066B322AD3E1620076B1C6 /* PerfectBaseInfoViewModel.swift */ = {isa = PBXFileReference; lastKnownFileType = sourcecode.swift; path = PerfectBaseInfoViewModel.swift; sourceTree = "<group>"; };
		DF066B342AD3E42B0076B1C6 /* OSSManager.swift */ = {isa = PBXFileReference; fileEncoding = 4; lastKnownFileType = sourcecode.swift; path = OSSManager.swift; sourceTree = "<group>"; };
		DF066B372AD3E8810076B1C6 /* NDListPickerSheet.swift */ = {isa = PBXFileReference; lastKnownFileType = sourcecode.swift; path = NDListPickerSheet.swift; sourceTree = "<group>"; };
		DF066B392AD3EEA30076B1C6 /* NDBottomSheetView.swift */ = {isa = PBXFileReference; lastKnownFileType = sourcecode.swift; path = NDBottomSheetView.swift; sourceTree = "<group>"; };
		DF066B3B2AD3F0120076B1C6 /* NDBottomSheetCard.swift */ = {isa = PBXFileReference; lastKnownFileType = sourcecode.swift; path = NDBottomSheetCard.swift; sourceTree = "<group>"; };
		DF066B3D2AD3F1DC0076B1C6 /* NDBottomSheetItem.swift */ = {isa = PBXFileReference; lastKnownFileType = sourcecode.swift; path = NDBottomSheetItem.swift; sourceTree = "<group>"; };
		DF066B3F2AD4E8FA0076B1C6 /* GlobalDataStore.swift */ = {isa = PBXFileReference; lastKnownFileType = sourcecode.swift; path = GlobalDataStore.swift; sourceTree = "<group>"; };
		DF066B412AD4F0180076B1C6 /* String+.swift */ = {isa = PBXFileReference; lastKnownFileType = sourcecode.swift; path = "String+.swift"; sourceTree = "<group>"; };
		DF066B432AD4F5C00076B1C6 /* PetApi.swift */ = {isa = PBXFileReference; lastKnownFileType = sourcecode.swift; path = PetApi.swift; sourceTree = "<group>"; };
		DF066B452AD4FAEA0076B1C6 /* PetModel.swift */ = {isa = PBXFileReference; lastKnownFileType = sourcecode.swift; path = PetModel.swift; sourceTree = "<group>"; };
		DF066B472AD539880076B1C6 /* PetRecommendView.swift */ = {isa = PBXFileReference; lastKnownFileType = sourcecode.swift; path = PetRecommendView.swift; sourceTree = "<group>"; };
		DF066B492AD53BEA0076B1C6 /* StateObject+.swift */ = {isa = PBXFileReference; lastKnownFileType = sourcecode.swift; path = "StateObject+.swift"; sourceTree = "<group>"; };
		DF1F35512AC17FF9009147D3 /* MainView.swift */ = {isa = PBXFileReference; lastKnownFileType = sourcecode.swift; path = MainView.swift; sourceTree = "<group>"; };
		DF1F35562AC18075009147D3 /* AAEnums.swift */ = {isa = PBXFileReference; lastKnownFileType = sourcecode.swift; path = AAEnums.swift; sourceTree = "<group>"; };
		DF1F35592AC1825F009147D3 /* MainViewModel.swift */ = {isa = PBXFileReference; lastKnownFileType = sourcecode.swift; path = MainViewModel.swift; sourceTree = "<group>"; };
		DF1F355B2AC182B5009147D3 /* MainTabBar.swift */ = {isa = PBXFileReference; lastKnownFileType = sourcecode.swift; path = MainTabBar.swift; sourceTree = "<group>"; };
		DF1F35602AC18573009147D3 /* WelcomeView.swift */ = {isa = PBXFileReference; lastKnownFileType = sourcecode.swift; path = WelcomeView.swift; sourceTree = "<group>"; };
		DF1F35622AC185B8009147D3 /* WelcomeViewModel.swift */ = {isa = PBXFileReference; lastKnownFileType = sourcecode.swift; path = WelcomeViewModel.swift; sourceTree = "<group>"; };
		DF1F35682AC18CD4009147D3 /* GlobalFuction.swift */ = {isa = PBXFileReference; lastKnownFileType = sourcecode.swift; path = GlobalFuction.swift; sourceTree = "<group>"; };
		DF1F356B2AC1908A009147D3 /* LoginView.swift */ = {isa = PBXFileReference; lastKnownFileType = sourcecode.swift; path = LoginView.swift; sourceTree = "<group>"; };
		DF71968B2AA0702E0073F214 /* SwiftUIRoute.app */ = {isa = PBXFileReference; explicitFileType = wrapper.application; includeInIndex = 0; path = SwiftUIRoute.app; sourceTree = BUILT_PRODUCTS_DIR; };
		DF71968E2AA0702E0073F214 /* AppDelegate.swift */ = {isa = PBXFileReference; lastKnownFileType = sourcecode.swift; path = AppDelegate.swift; sourceTree = "<group>"; };
		DF7196902AA0702E0073F214 /* SceneDelegate.swift */ = {isa = PBXFileReference; lastKnownFileType = sourcecode.swift; path = SceneDelegate.swift; sourceTree = "<group>"; };
		DF7196972AA0702F0073F214 /* Assets.xcassets */ = {isa = PBXFileReference; lastKnownFileType = folder.assetcatalog; path = Assets.xcassets; sourceTree = "<group>"; };
		DF71969A2AA0702F0073F214 /* Base */ = {isa = PBXFileReference; lastKnownFileType = file.storyboard; name = Base; path = Base.lproj/LaunchScreen.storyboard; sourceTree = "<group>"; };
		DF71969C2AA0702F0073F214 /* Info.plist */ = {isa = PBXFileReference; lastKnownFileType = text.plist.xml; path = Info.plist; sourceTree = "<group>"; };
		DF7196A42AA072A40073F214 /* RouteNavigationController.swift */ = {isa = PBXFileReference; lastKnownFileType = sourcecode.swift; path = RouteNavigationController.swift; sourceTree = "<group>"; };
		DF7196A62AA072B30073F214 /* RouteSplitViewController.swift */ = {isa = PBXFileReference; lastKnownFileType = sourcecode.swift; path = RouteSplitViewController.swift; sourceTree = "<group>"; };
		DF7196A82AA072C00073F214 /* RouteViewController.swift */ = {isa = PBXFileReference; lastKnownFileType = sourcecode.swift; path = RouteViewController.swift; sourceTree = "<group>"; };
		DF7196AC2AA073A90073F214 /* Route.swift */ = {isa = PBXFileReference; lastKnownFileType = sourcecode.swift; path = Route.swift; sourceTree = "<group>"; };
		DF7196B02AA074490073F214 /* Route+Page.swift */ = {isa = PBXFileReference; lastKnownFileType = sourcecode.swift; path = "Route+Page.swift"; sourceTree = "<group>"; };
		DF7196B22AA074D00073F214 /* RouteStore.swift */ = {isa = PBXFileReference; lastKnownFileType = sourcecode.swift; path = RouteStore.swift; sourceTree = "<group>"; };
		DF7196B82AA076900073F214 /* UIViewController+Route.swift */ = {isa = PBXFileReference; lastKnownFileType = sourcecode.swift; path = "UIViewController+Route.swift"; sourceTree = "<group>"; };
		DF7196BA2AA07FCD0073F214 /* View+Route.swift */ = {isa = PBXFileReference; lastKnownFileType = sourcecode.swift; path = "View+Route.swift"; sourceTree = "<group>"; };
		DF7D8B312AC3BDAA00FA0E01 /* HomeView.swift */ = {isa = PBXFileReference; lastKnownFileType = sourcecode.swift; path = HomeView.swift; sourceTree = "<group>"; };
		DF7D8B352AC3DECB00FA0E01 /* RouteViewController+CustomSheetable.swift */ = {isa = PBXFileReference; lastKnownFileType = sourcecode.swift; path = "RouteViewController+CustomSheetable.swift"; sourceTree = "<group>"; };
		DF7D8B382AC3F4D700FA0E01 /* FullscreenAnimatorDelegate.swift */ = {isa = PBXFileReference; lastKnownFileType = sourcecode.swift; path = FullscreenAnimatorDelegate.swift; sourceTree = "<group>"; };
		DF7D8B3A2AC3F6F700FA0E01 /* PresentationBackgroudController.swift */ = {isa = PBXFileReference; lastKnownFileType = sourcecode.swift; path = PresentationBackgroudController.swift; sourceTree = "<group>"; };
		DF7D8B3C2AC3FB9700FA0E01 /* BaseAnimatorDelegate.swift */ = {isa = PBXFileReference; lastKnownFileType = sourcecode.swift; path = BaseAnimatorDelegate.swift; sourceTree = "<group>"; };
		DF7D8B3F2AC3FF2500FA0E01 /* TestView.swift */ = {isa = PBXFileReference; lastKnownFileType = sourcecode.swift; path = TestView.swift; sourceTree = "<group>"; };
		DF7D8B422AC4089400FA0E01 /* NavBarViewModifier.swift */ = {isa = PBXFileReference; lastKnownFileType = sourcecode.swift; path = NavBarViewModifier.swift; sourceTree = "<group>"; };
		DF7D8B442AC40C7A00FA0E01 /* BarBackgorundView.swift */ = {isa = PBXFileReference; lastKnownFileType = sourcecode.swift; path = BarBackgorundView.swift; sourceTree = "<group>"; };
		DF7D8B462AC40DDA00FA0E01 /* BottomBarViewModifier.swift */ = {isa = PBXFileReference; lastKnownFileType = sourcecode.swift; path = BottomBarViewModifier.swift; sourceTree = "<group>"; };
		DF7D8B492AC4108C00FA0E01 /* Color+.swift */ = {isa = PBXFileReference; lastKnownFileType = sourcecode.swift; path = "Color+.swift"; sourceTree = "<group>"; };
		DF7D8B4B2AC412E100FA0E01 /* Text+.swift */ = {isa = PBXFileReference; lastKnownFileType = sourcecode.swift; path = "Text+.swift"; sourceTree = "<group>"; };
		DF7D8B4D2AC4132D00FA0E01 /* Shape+.swift */ = {isa = PBXFileReference; lastKnownFileType = sourcecode.swift; path = "Shape+.swift"; sourceTree = "<group>"; };
		DF7D8B4F2AC4136E00FA0E01 /* View+.swift */ = {isa = PBXFileReference; lastKnownFileType = sourcecode.swift; path = "View+.swift"; sourceTree = "<group>"; };
		DF7D8B512AC413C300FA0E01 /* BlurView.swift */ = {isa = PBXFileReference; lastKnownFileType = sourcecode.swift; path = BlurView.swift; sourceTree = "<group>"; };
		DF7D8B532AC413FA00FA0E01 /* ProjectConfig.swift */ = {isa = PBXFileReference; lastKnownFileType = sourcecode.swift; path = ProjectConfig.swift; sourceTree = "<group>"; };
		DF815D662AC4325F008DB6DC /* NDTargetType.swift */ = {isa = PBXFileReference; lastKnownFileType = sourcecode.swift; path = NDTargetType.swift; sourceTree = "<group>"; };
		DF815D682AC43889008DB6DC /* Networking.swift */ = {isa = PBXFileReference; lastKnownFileType = sourcecode.swift; path = Networking.swift; sourceTree = "<group>"; };
		DF815D6B2AC4394A008DB6DC /* NetworkPopPlugin.swift */ = {isa = PBXFileReference; fileEncoding = 4; lastKnownFileType = sourcecode.swift; path = NetworkPopPlugin.swift; sourceTree = "<group>"; };
		DF815D6C2AC4394A008DB6DC /* NetworkLoggerPlugin.swift */ = {isa = PBXFileReference; fileEncoding = 4; lastKnownFileType = sourcecode.swift; path = NetworkLoggerPlugin.swift; sourceTree = "<group>"; };
		DF815D702AC43A45008DB6DC /* MoyaProviderType+Extension.swift */ = {isa = PBXFileReference; fileEncoding = 4; lastKnownFileType = sourcecode.swift; path = "MoyaProviderType+Extension.swift"; sourceTree = "<group>"; };
		DF815D722AC43A65008DB6DC /* MoyaResult+Extension.swift */ = {isa = PBXFileReference; fileEncoding = 4; lastKnownFileType = sourcecode.swift; path = "MoyaResult+Extension.swift"; sourceTree = "<group>"; };
		DF815D742AC43B1C008DB6DC /* Response+Extension.swift */ = {isa = PBXFileReference; fileEncoding = 4; lastKnownFileType = sourcecode.swift; path = "Response+Extension.swift"; sourceTree = "<group>"; };
		DF815D772AC4404C008DB6DC /* TestApi.swift */ = {isa = PBXFileReference; lastKnownFileType = sourcecode.swift; path = TestApi.swift; sourceTree = "<group>"; };
		DF815D792AC44DBA008DB6DC /* NDProgress.swift */ = {isa = PBXFileReference; lastKnownFileType = sourcecode.swift; path = NDProgress.swift; sourceTree = "<group>"; };
		DF87F0802AC56955000A0F37 /* loading_cir.json */ = {isa = PBXFileReference; fileEncoding = 4; lastKnownFileType = text.json; path = loading_cir.json; sourceTree = "<group>"; };
		DF8C8F122AC5186200DF8895 /* NDScaffold.swift */ = {isa = PBXFileReference; lastKnownFileType = sourcecode.swift; path = NDScaffold.swift; sourceTree = "<group>"; };
		DF8C8F142AC5230500DF8895 /* NDNavBar.swift */ = {isa = PBXFileReference; lastKnownFileType = sourcecode.swift; path = NDNavBar.swift; sourceTree = "<group>"; };
		DF8C8F162AC5273700DF8895 /* NDBottomBar.swift */ = {isa = PBXFileReference; lastKnownFileType = sourcecode.swift; path = NDBottomBar.swift; sourceTree = "<group>"; };
		DF8C8F1C2AC54E9700DF8895 /* NDLottieView.swift */ = {isa = PBXFileReference; lastKnownFileType = sourcecode.swift; path = NDLottieView.swift; sourceTree = "<group>"; };
		DF8C8F202AC553A900DF8895 /* Tosta_Check_User.json */ = {isa = PBXFileReference; fileEncoding = 4; lastKnownFileType = text.json; path = Tosta_Check_User.json; sourceTree = "<group>"; };
		DF8C8F212AC553A900DF8895 /* Tosta_Check_OK.json */ = {isa = PBXFileReference; fileEncoding = 4; lastKnownFileType = text.json; path = Tosta_Check_OK.json; sourceTree = "<group>"; };
		DF8C8F222AC553A900DF8895 /* Tosta_Check_Phone.json */ = {isa = PBXFileReference; fileEncoding = 4; lastKnownFileType = text.json; path = Tosta_Check_Phone.json; sourceTree = "<group>"; };
		DF8C8F232AC553A900DF8895 /* Tosta_Check_Trash.json */ = {isa = PBXFileReference; fileEncoding = 4; lastKnownFileType = text.json; path = Tosta_Check_Trash.json; sourceTree = "<group>"; };
		DF8C8F252AC553A900DF8895 /* ailoading.json */ = {isa = PBXFileReference; fileEncoding = 4; lastKnownFileType = text.json; path = ailoading.json; sourceTree = "<group>"; };
		DF8C8F262AC553A900DF8895 /* loading_gray.json */ = {isa = PBXFileReference; fileEncoding = 4; lastKnownFileType = text.json; path = loading_gray.json; sourceTree = "<group>"; };
		DF8C8F282AC553A900DF8895 /* flower_appear.json */ = {isa = PBXFileReference; fileEncoding = 4; lastKnownFileType = text.json; path = flower_appear.json; sourceTree = "<group>"; };
		DF8C8F292AC553A900DF8895 /* flower_open.json */ = {isa = PBXFileReference; fileEncoding = 4; lastKnownFileType = text.json; path = flower_open.json; sourceTree = "<group>"; };
		DF8C8F2B2AC553A900DF8895 /* red_bell.json */ = {isa = PBXFileReference; fileEncoding = 4; lastKnownFileType = text.json; path = red_bell.json; sourceTree = "<group>"; };
		DF8C8F2C2AC553A900DF8895 /* blue_bell.json */ = {isa = PBXFileReference; fileEncoding = 4; lastKnownFileType = text.json; path = blue_bell.json; sourceTree = "<group>"; };
		DF8C8F2D2AC553A900DF8895 /* yellow_bell.json */ = {isa = PBXFileReference; fileEncoding = 4; lastKnownFileType = text.json; path = yellow_bell.json; sourceTree = "<group>"; };
		DF8C8F2E2AC553A900DF8895 /* green_bell.json */ = {isa = PBXFileReference; fileEncoding = 4; lastKnownFileType = text.json; path = green_bell.json; sourceTree = "<group>"; };
		DF8C8F302AC553A900DF8895 /* wellcome.json */ = {isa = PBXFileReference; fileEncoding = 4; lastKnownFileType = text.json; path = wellcome.json; sourceTree = "<group>"; };
		DF8C8F312AC553A900DF8895 /* loginsky.json */ = {isa = PBXFileReference; fileEncoding = 4; lastKnownFileType = text.json; path = loginsky.json; sourceTree = "<group>"; };
		DF8C8F322AC553A900DF8895 /* launchtext.json */ = {isa = PBXFileReference; fileEncoding = 4; lastKnownFileType = text.json; path = launchtext.json; sourceTree = "<group>"; };
		DF8C8F422AC55B9800DF8895 /* NDLoaddingView.swift */ = {isa = PBXFileReference; lastKnownFileType = sourcecode.swift; path = NDLoaddingView.swift; sourceTree = "<group>"; };
		DF8C8F442AC5602400DF8895 /* NDToast.swift */ = {isa = PBXFileReference; lastKnownFileType = sourcecode.swift; path = NDToast.swift; sourceTree = "<group>"; };
		DF8C8F462AC5684100DF8895 /* loading_dot.json */ = {isa = PBXFileReference; fileEncoding = 4; lastKnownFileType = text.json; path = loading_dot.json; sourceTree = "<group>"; };
		DFD766282AA983C300233310 /* SwiftUIAndModifier.swift */ = {isa = PBXFileReference; lastKnownFileType = sourcecode.swift; path = SwiftUIAndModifier.swift; sourceTree = "<group>"; };
		DFD7662A2AA9A0D900233310 /* ScrollViewContentOffset.swift */ = {isa = PBXFileReference; lastKnownFileType = sourcecode.swift; path = ScrollViewContentOffset.swift; sourceTree = "<group>"; };
/* End PBXFileReference section */

/* Begin PBXFrameworksBuildPhase section */
		DF7196882AA0702E0073F214 /* Frameworks */ = {
			isa = PBXFrameworksBuildPhase;
			buildActionMask = 2147483647;
			files = (
				DF066B532AD5442B0076B1C6 /* PanModal in Frameworks */,
				AA90DF0E0CC2F503883F939F /* Pods_SwiftUIRoute.framework in Frameworks */,
				DF066B5F2AD545810076B1C6 /* SwiftyJSON in Frameworks */,
				DF5D4C2F2AD54FB2006981CA /* Qiniu in Frameworks */,
				DF066B622AD545CE0076B1C6 /* Kingfisher in Frameworks */,
				DF066B4D2AD5408E0076B1C6 /* TagCloud in Frameworks */,
				DF066B652AD546330076B1C6 /* Toaster in Frameworks */,
				DF5D4C2C2AD54EE2006981CA /* ZLPhotoBrowser in Frameworks */,
				DF5D4C292AD54E9F006981CA /* Lottie in Frameworks */,
				DF066B592AD5451E0076B1C6 /* SwifterSwift in Frameworks */,
				DF066B562AD544A90076B1C6 /* SwiftUIIntrospect in Frameworks */,
				DF5D4C262AD54DF1006981CA /* Moya in Frameworks */,
				DF066B5C2AD5455B0076B1C6 /* KakaJSON in Frameworks */,
			);
			runOnlyForDeploymentPostprocessing = 0;
		};
/* End PBXFrameworksBuildPhase section */

/* Begin PBXGroup section */
		35EA9EC28C9F92C65DFB6A83 /* Pods */ = {
			isa = PBXGroup;
			children = (
				7B2DF52C205F1FEEFAE013C7 /* Pods-SwiftUIRoute.debug.xcconfig */,
				00868EB4704E26CF766DB6C7 /* Pods-SwiftUIRoute.release.xcconfig */,
			);
			path = Pods;
			sourceTree = "<group>";
		};
		6AA5A4D85E88AB93D790B909 /* Frameworks */ = {
			isa = PBXGroup;
			children = (
				D28AEF7F1C9130CB4DFF8930 /* Pods_SwiftUIRoute.framework */,
			);
			name = Frameworks;
			sourceTree = "<group>";
		};
		DF066B1F2AD3BF5A0076B1C6 /* perfect */ = {
			isa = PBXGroup;
			children = (
				DF066B232AD3C05C0076B1C6 /* adopt */,
				DF066B222AD3C04A0076B1C6 /* petmatch */,
				DF066B202AD3BF710076B1C6 /* PerfectBaseInfoView.swift */,
				DF066B322AD3E1620076B1C6 /* PerfectBaseInfoViewModel.swift */,
			);
			path = perfect;
			sourceTree = "<group>";
		};
		DF066B222AD3C04A0076B1C6 /* petmatch */ = {
			isa = PBXGroup;
			children = (
				DF066B242AD3C0760076B1C6 /* CharacterMatchView.swift */,
				DF066B472AD539880076B1C6 /* PetRecommendView.swift */,
			);
			path = petmatch;
			sourceTree = "<group>";
		};
		DF066B232AD3C05C0076B1C6 /* adopt */ = {
			isa = PBXGroup;
			children = (
				DF066B262AD3C0960076B1C6 /* PetAdoptCompletedView.swift */,
			);
			path = adopt;
			sourceTree = "<group>";
		};
		DF066B362AD3E8630076B1C6 /* picker */ = {
			isa = PBXGroup;
			children = (
				DF066B3B2AD3F0120076B1C6 /* NDBottomSheetCard.swift */,
				DF066B3D2AD3F1DC0076B1C6 /* NDBottomSheetItem.swift */,
				DF066B372AD3E8810076B1C6 /* NDListPickerSheet.swift */,
			);
			path = picker;
			sourceTree = "<group>";
		};
		DF1F354C2AC17FB1009147D3 /* Page */ = {
			isa = PBXGroup;
			children = (
				DF7D8B3E2AC3FF1B00FA0E01 /* test */,
				DF7D8B302AC3BD9D00FA0E01 /* home */,
				DF1F356A2AC1907B009147D3 /* login */,
				DF066B1F2AD3BF5A0076B1C6 /* perfect */,
				DF1F355F2AC1855E009147D3 /* welcome */,
				DF1F35502AC17FEB009147D3 /* main */,
			);
			path = Page;
			sourceTree = "<group>";
		};
		DF1F35502AC17FEB009147D3 /* main */ = {
			isa = PBXGroup;
			children = (
				DF1F35582AC18245009147D3 /* items */,
				DF1F35512AC17FF9009147D3 /* MainView.swift */,
				DF1F35592AC1825F009147D3 /* MainViewModel.swift */,
			);
			path = main;
			sourceTree = "<group>";
		};
		DF1F35532AC18029009147D3 /* Data */ = {
			isa = PBXGroup;
			children = (
				DF1F35562AC18075009147D3 /* AAEnums.swift */,
				DF066B012AD2A37B0076B1C6 /* UserInfo.swift */,
				DF066B052AD2A6190076B1C6 /* TokenModel.swift */,
				DF066B072AD2A76F0076B1C6 /* StepModel.swift */,
				DF066B452AD4FAEA0076B1C6 /* PetModel.swift */,
			);
			path = Data;
			sourceTree = "<group>";
		};
		DF1F35542AC18044009147D3 /* Model */ = {
			isa = PBXGroup;
			children = (
				DF7D8B532AC413FA00FA0E01 /* ProjectConfig.swift */,
				DF066AFF2AD2A2F70076B1C6 /* LocalUserManager.swift */,
				DF066B112AD2AEFE0076B1C6 /* BaseViewModel.swift */,
				DF066B282AD3C0CE0076B1C6 /* ThirdSDKManager.swift */,
				DF066B342AD3E42B0076B1C6 /* OSSManager.swift */,
				DF066B3F2AD4E8FA0076B1C6 /* GlobalDataStore.swift */,
			);
			path = Model;
			sourceTree = "<group>";
		};
		DF1F35552AC18051009147D3 /* Components */ = {
			isa = PBXGroup;
			children = (
				DF7D8B482AC4107000FA0E01 /* extension */,
				DF7D8B412AC4087E00FA0E01 /* bar */,
				DF066B362AD3E8630076B1C6 /* picker */,
				DF7D8B512AC413C300FA0E01 /* BlurView.swift */,
				DF815D792AC44DBA008DB6DC /* NDProgress.swift */,
				DF8C8F442AC5602400DF8895 /* NDToast.swift */,
				DF8C8F1C2AC54E9700DF8895 /* NDLottieView.swift */,
				DF8C8F122AC5186200DF8895 /* NDScaffold.swift */,
				DF8C8F422AC55B9800DF8895 /* NDLoaddingView.swift */,
				DF066B152AD394D10076B1C6 /* NDTheme.swift */,
				DF066B392AD3EEA30076B1C6 /* NDBottomSheetView.swift */,
				DF066B2C2AD3CDF10076B1C6 /* UserAvatar.swift */,
				DF066B302AD3D5E30076B1C6 /* UploadUserAvatar.swift */,
			);
			path = Components;
			sourceTree = "<group>";
		};
		DF1F35582AC18245009147D3 /* items */ = {
			isa = PBXGroup;
			children = (
				DF1F355B2AC182B5009147D3 /* MainTabBar.swift */,
			);
			path = items;
			sourceTree = "<group>";
		};
		DF1F355F2AC1855E009147D3 /* welcome */ = {
			isa = PBXGroup;
			children = (
				DF1F35602AC18573009147D3 /* WelcomeView.swift */,
				DF1F35622AC185B8009147D3 /* WelcomeViewModel.swift */,
			);
			path = welcome;
			sourceTree = "<group>";
		};
		DF1F35672AC18CC1009147D3 /* Tools */ = {
			isa = PBXGroup;
			children = (
				DF1F35682AC18CD4009147D3 /* GlobalFuction.swift */,
			);
			path = Tools;
			sourceTree = "<group>";
		};
		DF1F356A2AC1907B009147D3 /* login */ = {
			isa = PBXGroup;
			children = (
				DF1F356B2AC1908A009147D3 /* LoginView.swift */,
				DF066B0F2AD2AE5C0076B1C6 /* LoginViewModel.swift */,
			);
			path = login;
			sourceTree = "<group>";
		};
		DF7196822AA0702E0073F214 = {
			isa = PBXGroup;
			children = (
				DF71968D2AA0702E0073F214 /* SwiftUIRoute */,
				DF71968C2AA0702E0073F214 /* Products */,
				35EA9EC28C9F92C65DFB6A83 /* Pods */,
				6AA5A4D85E88AB93D790B909 /* Frameworks */,
			);
			sourceTree = "<group>";
		};
		DF71968C2AA0702E0073F214 /* Products */ = {
			isa = PBXGroup;
			children = (
				DF71968B2AA0702E0073F214 /* SwiftUIRoute.app */,
			);
			name = Products;
			sourceTree = "<group>";
		};
		DF71968D2AA0702E0073F214 /* SwiftUIRoute */ = {
			isa = PBXGroup;
			children = (
				DF7196A22AA072760073F214 /* Route */,
				DF815D652AC43229008DB6DC /* Networking */,
				DF1F35672AC18CC1009147D3 /* Tools */,
				DF815D762AC4403B008DB6DC /* Apis */,
				DF1F35532AC18029009147D3 /* Data */,
				DF1F35542AC18044009147D3 /* Model */,
				DF1F35552AC18051009147D3 /* Components */,
				DF1F354C2AC17FB1009147D3 /* Page */,
				DF71968E2AA0702E0073F214 /* AppDelegate.swift */,
				DF7196902AA0702E0073F214 /* SceneDelegate.swift */,
				DFD766272AA983A100233310 /* sundell */,
				DF7196972AA0702F0073F214 /* Assets.xcassets */,
				DF8C8F1E2AC553A900DF8895 /* LottieJsonFiles */,
				DF7196992AA0702F0073F214 /* LaunchScreen.storyboard */,
				DF71969C2AA0702F0073F214 /* Info.plist */,
			);
			path = SwiftUIRoute;
			sourceTree = "<group>";
		};
		DF7196A22AA072760073F214 /* Route */ = {
			isa = PBXGroup;
			children = (
				DF7D8B372AC3F48A00FA0E01 /* Animator */,
				DF7196A32AA0728B0073F214 /* Base */,
				DF7196AC2AA073A90073F214 /* Route.swift */,
				DF7196B22AA074D00073F214 /* RouteStore.swift */,
				DF066B2A2AD3C30F0076B1C6 /* RouteStore+Helps.swift */,
				DF7196B02AA074490073F214 /* Route+Page.swift */,
			);
			path = Route;
			sourceTree = "<group>";
		};
		DF7196A32AA0728B0073F214 /* Base */ = {
			isa = PBXGroup;
			children = (
				DF7196A42AA072A40073F214 /* RouteNavigationController.swift */,
				DF7196A62AA072B30073F214 /* RouteSplitViewController.swift */,
				DF7196A82AA072C00073F214 /* RouteViewController.swift */,
				DF7D8B352AC3DECB00FA0E01 /* RouteViewController+CustomSheetable.swift */,
				DF7196B82AA076900073F214 /* UIViewController+Route.swift */,
				DF7196BA2AA07FCD0073F214 /* View+Route.swift */,
			);
			path = Base;
			sourceTree = "<group>";
		};
		DF7D8B302AC3BD9D00FA0E01 /* home */ = {
			isa = PBXGroup;
			children = (
				DF7D8B312AC3BDAA00FA0E01 /* HomeView.swift */,
			);
			path = home;
			sourceTree = "<group>";
		};
		DF7D8B372AC3F48A00FA0E01 /* Animator */ = {
			isa = PBXGroup;
			children = (
				DF7D8B3A2AC3F6F700FA0E01 /* PresentationBackgroudController.swift */,
				DF7D8B3C2AC3FB9700FA0E01 /* BaseAnimatorDelegate.swift */,
				DF7D8B382AC3F4D700FA0E01 /* FullscreenAnimatorDelegate.swift */,
			);
			path = Animator;
			sourceTree = "<group>";
		};
		DF7D8B3E2AC3FF1B00FA0E01 /* test */ = {
			isa = PBXGroup;
			children = (
				DF7D8B3F2AC3FF2500FA0E01 /* TestView.swift */,
			);
			path = test;
			sourceTree = "<group>";
		};
		DF7D8B412AC4087E00FA0E01 /* bar */ = {
			isa = PBXGroup;
			children = (
				DF8C8F142AC5230500DF8895 /* NDNavBar.swift */,
				DF8C8F162AC5273700DF8895 /* NDBottomBar.swift */,
				DF7D8B442AC40C7A00FA0E01 /* BarBackgorundView.swift */,
				DF7D8B422AC4089400FA0E01 /* NavBarViewModifier.swift */,
				DF7D8B462AC40DDA00FA0E01 /* BottomBarViewModifier.swift */,
			);
			path = bar;
			sourceTree = "<group>";
		};
		DF7D8B482AC4107000FA0E01 /* extension */ = {
			isa = PBXGroup;
			children = (
				DF7D8B492AC4108C00FA0E01 /* Color+.swift */,
				DF7D8B4B2AC412E100FA0E01 /* Text+.swift */,
				DF7D8B4F2AC4136E00FA0E01 /* View+.swift */,
				DF066B032AD2A4AB0076B1C6 /* Convertible+.swift */,
				DF066B172AD3978A0076B1C6 /* Font+.swift */,
				DF066B192AD39F1D0076B1C6 /* TextField+.swift */,
				DF066B1B2AD3A26C0076B1C6 /* Styles.swift */,
				DF7D8B4D2AC4132D00FA0E01 /* Shape+.swift */,
				DF066B1D2AD3A56D0076B1C6 /* Button+.swift */,
				DF066B412AD4F0180076B1C6 /* String+.swift */,
				DF066B492AD53BEA0076B1C6 /* StateObject+.swift */,
			);
			path = extension;
			sourceTree = "<group>";
		};
		DF815D652AC43229008DB6DC /* Networking */ = {
			isa = PBXGroup;
			children = (
				DF815D6F2AC43A3E008DB6DC /* extension */,
				DF815D6A2AC43930008DB6DC /* plugins */,
				DF815D662AC4325F008DB6DC /* NDTargetType.swift */,
				DF815D682AC43889008DB6DC /* Networking.swift */,
			);
			path = Networking;
			sourceTree = "<group>";
		};
		DF815D6A2AC43930008DB6DC /* plugins */ = {
			isa = PBXGroup;
			children = (
				DF815D6C2AC4394A008DB6DC /* NetworkLoggerPlugin.swift */,
				DF815D6B2AC4394A008DB6DC /* NetworkPopPlugin.swift */,
			);
			path = plugins;
			sourceTree = "<group>";
		};
		DF815D6F2AC43A3E008DB6DC /* extension */ = {
			isa = PBXGroup;
			children = (
				DF815D702AC43A45008DB6DC /* MoyaProviderType+Extension.swift */,
				DF815D722AC43A65008DB6DC /* MoyaResult+Extension.swift */,
				DF815D742AC43B1C008DB6DC /* Response+Extension.swift */,
			);
			path = extension;
			sourceTree = "<group>";
		};
		DF815D762AC4403B008DB6DC /* Apis */ = {
			isa = PBXGroup;
			children = (
				DF815D772AC4404C008DB6DC /* TestApi.swift */,
				DF066B092AD2AAB60076B1C6 /* CommonApi.swift */,
				DF066B0B2AD2AAC60076B1C6 /* LoginApi.swift */,
				DF066B0D2AD2AACF0076B1C6 /* UserApi.swift */,
				DF066B432AD4F5C00076B1C6 /* PetApi.swift */,
			);
			path = Apis;
			sourceTree = "<group>";
		};
		DF8C8F1E2AC553A900DF8895 /* LottieJsonFiles */ = {
			isa = PBXGroup;
			children = (
				DF8C8F1F2AC553A900DF8895 /* Tosta */,
				DF8C8F242AC553A900DF8895 /* Loading */,
				DF8C8F272AC553A900DF8895 /* Flower */,
				DF8C8F2A2AC553A900DF8895 /* Bell */,
				DF8C8F2F2AC553A900DF8895 /* Login */,
			);
			path = LottieJsonFiles;
			sourceTree = "<group>";
		};
		DF8C8F1F2AC553A900DF8895 /* Tosta */ = {
			isa = PBXGroup;
			children = (
				DF8C8F202AC553A900DF8895 /* Tosta_Check_User.json */,
				DF8C8F212AC553A900DF8895 /* Tosta_Check_OK.json */,
				DF8C8F222AC553A900DF8895 /* Tosta_Check_Phone.json */,
				DF8C8F232AC553A900DF8895 /* Tosta_Check_Trash.json */,
			);
			path = Tosta;
			sourceTree = "<group>";
		};
		DF8C8F242AC553A900DF8895 /* Loading */ = {
			isa = PBXGroup;
			children = (
				DF87F0802AC56955000A0F37 /* loading_cir.json */,
				DF8C8F462AC5684100DF8895 /* loading_dot.json */,
				DF8C8F252AC553A900DF8895 /* ailoading.json */,
				DF8C8F262AC553A900DF8895 /* loading_gray.json */,
			);
			path = Loading;
			sourceTree = "<group>";
		};
		DF8C8F272AC553A900DF8895 /* Flower */ = {
			isa = PBXGroup;
			children = (
				DF8C8F282AC553A900DF8895 /* flower_appear.json */,
				DF8C8F292AC553A900DF8895 /* flower_open.json */,
			);
			path = Flower;
			sourceTree = "<group>";
		};
		DF8C8F2A2AC553A900DF8895 /* Bell */ = {
			isa = PBXGroup;
			children = (
				DF8C8F2B2AC553A900DF8895 /* red_bell.json */,
				DF8C8F2C2AC553A900DF8895 /* blue_bell.json */,
				DF8C8F2D2AC553A900DF8895 /* yellow_bell.json */,
				DF8C8F2E2AC553A900DF8895 /* green_bell.json */,
			);
			path = Bell;
			sourceTree = "<group>";
		};
		DF8C8F2F2AC553A900DF8895 /* Login */ = {
			isa = PBXGroup;
			children = (
				DF8C8F302AC553A900DF8895 /* wellcome.json */,
				DF8C8F312AC553A900DF8895 /* loginsky.json */,
				DF8C8F322AC553A900DF8895 /* launchtext.json */,
			);
			path = Login;
			sourceTree = "<group>";
		};
		DFD766272AA983A100233310 /* sundell */ = {
			isa = PBXGroup;
			children = (
				DFD766282AA983C300233310 /* SwiftUIAndModifier.swift */,
				DFD7662A2AA9A0D900233310 /* ScrollViewContentOffset.swift */,
			);
			path = sundell;
			sourceTree = "<group>";
		};
/* End PBXGroup section */

/* Begin PBXNativeTarget section */
		DF71968A2AA0702E0073F214 /* SwiftUIRoute */ = {
			isa = PBXNativeTarget;
			buildConfigurationList = DF71969F2AA0702F0073F214 /* Build configuration list for PBXNativeTarget "SwiftUIRoute" */;
			buildPhases = (
				3F2EBCE9D59205CEA356FE2D /* [CP] Check Pods Manifest.lock */,
				DF7196872AA0702E0073F214 /* Sources */,
				DF7196882AA0702E0073F214 /* Frameworks */,
				DF7196892AA0702E0073F214 /* Resources */,
			);
			buildRules = (
			);
			dependencies = (
			);
			name = SwiftUIRoute;
			packageProductDependencies = (
				DF066B4C2AD5408E0076B1C6 /* TagCloud */,
				DF066B522AD5442B0076B1C6 /* PanModal */,
				DF066B552AD544A90076B1C6 /* SwiftUIIntrospect */,
				DF066B582AD5451E0076B1C6 /* SwifterSwift */,
				DF066B5B2AD5455B0076B1C6 /* KakaJSON */,
				DF066B5E2AD545810076B1C6 /* SwiftyJSON */,
				DF066B612AD545CE0076B1C6 /* Kingfisher */,
				DF066B642AD546330076B1C6 /* Toaster */,
				DF5D4C252AD54DF1006981CA /* Moya */,
				DF5D4C282AD54E9F006981CA /* Lottie */,
				DF5D4C2B2AD54EE2006981CA /* ZLPhotoBrowser */,
				DF5D4C2E2AD54FB2006981CA /* Qiniu */,
			);
			productName = SwiftUIRoute;
			productReference = DF71968B2AA0702E0073F214 /* SwiftUIRoute.app */;
			productType = "com.apple.product-type.application";
		};
/* End PBXNativeTarget section */

/* Begin PBXProject section */
		DF7196832AA0702E0073F214 /* Project object */ = {
			isa = PBXProject;
			attributes = {
				BuildIndependentTargetsInParallel = 1;
				LastSwiftUpdateCheck = 1430;
				LastUpgradeCheck = 1430;
				TargetAttributes = {
					DF71968A2AA0702E0073F214 = {
						CreatedOnToolsVersion = 14.3.1;
					};
				};
			};
			buildConfigurationList = DF7196862AA0702E0073F214 /* Build configuration list for PBXProject "SwiftUIRoute" */;
			compatibilityVersion = "Xcode 14.0";
			developmentRegion = en;
			hasScannedForEncodings = 0;
			knownRegions = (
				en,
				Base,
			);
			mainGroup = DF7196822AA0702E0073F214;
			packageReferences = (
				DF066B4B2AD5408E0076B1C6 /* XCRemoteSwiftPackageReference "TagCloud.git" */,
				DF066B512AD5442B0076B1C6 /* XCRemoteSwiftPackageReference "PanModal.git" */,
				DF066B542AD544A90076B1C6 /* XCRemoteSwiftPackageReference "swiftui-introspect" */,
				DF066B572AD5451E0076B1C6 /* XCRemoteSwiftPackageReference "SwifterSwift" */,
				DF066B5A2AD5455B0076B1C6 /* XCRemoteSwiftPackageReference "KakaJSON" */,
				DF066B5D2AD545810076B1C6 /* XCRemoteSwiftPackageReference "SwiftyJSON" */,
				DF066B602AD545CE0076B1C6 /* XCRemoteSwiftPackageReference "Kingfisher" */,
				DF066B632AD546330076B1C6 /* XCRemoteSwiftPackageReference "Toaster" */,
				DF5D4C242AD54DF1006981CA /* XCRemoteSwiftPackageReference "Moya.git" */,
				DF5D4C272AD54E9F006981CA /* XCRemoteSwiftPackageReference "lottie-ios" */,
				DF5D4C2A2AD54EE2006981CA /* XCRemoteSwiftPackageReference "ZLPhotoBrowser" */,
				DF5D4C2D2AD54FB2006981CA /* XCRemoteSwiftPackageReference "objc-sdk" */,
			);
			productRefGroup = DF71968C2AA0702E0073F214 /* Products */;
			projectDirPath = "";
			projectRoot = "";
			targets = (
				DF71968A2AA0702E0073F214 /* SwiftUIRoute */,
			);
		};
/* End PBXProject section */

/* Begin PBXResourcesBuildPhase section */
		DF7196892AA0702E0073F214 /* Resources */ = {
			isa = PBXResourcesBuildPhase;
			buildActionMask = 2147483647;
			files = (
				DF8C8F342AC553A900DF8895 /* Tosta_Check_OK.json in Resources */,
				DF8C8F382AC553A900DF8895 /* loading_gray.json in Resources */,
				DF8C8F3A2AC553A900DF8895 /* flower_open.json in Resources */,
				DF8C8F392AC553A900DF8895 /* flower_appear.json in Resources */,
				DF8C8F3C2AC553A900DF8895 /* blue_bell.json in Resources */,
				DF8C8F402AC553A900DF8895 /* loginsky.json in Resources */,
				DF87F0812AC56955000A0F37 /* loading_cir.json in Resources */,
				DF8C8F362AC553A900DF8895 /* Tosta_Check_Trash.json in Resources */,
				DF8C8F3D2AC553A900DF8895 /* yellow_bell.json in Resources */,
				DF8C8F3F2AC553A900DF8895 /* wellcome.json in Resources */,
				DF71969B2AA0702F0073F214 /* LaunchScreen.storyboard in Resources */,
				DF8C8F472AC5684100DF8895 /* loading_dot.json in Resources */,
				DF8C8F332AC553A900DF8895 /* Tosta_Check_User.json in Resources */,
				DF8C8F412AC553A900DF8895 /* launchtext.json in Resources */,
				DF8C8F372AC553A900DF8895 /* ailoading.json in Resources */,
				DF8C8F3E2AC553A900DF8895 /* green_bell.json in Resources */,
				DF7196982AA0702F0073F214 /* Assets.xcassets in Resources */,
				DF8C8F352AC553A900DF8895 /* Tosta_Check_Phone.json in Resources */,
				DF8C8F3B2AC553A900DF8895 /* red_bell.json in Resources */,
			);
			runOnlyForDeploymentPostprocessing = 0;
		};
/* End PBXResourcesBuildPhase section */

/* Begin PBXShellScriptBuildPhase section */
		3F2EBCE9D59205CEA356FE2D /* [CP] Check Pods Manifest.lock */ = {
			isa = PBXShellScriptBuildPhase;
			buildActionMask = 2147483647;
			files = (
			);
			inputFileListPaths = (
			);
			inputPaths = (
				"${PODS_PODFILE_DIR_PATH}/Podfile.lock",
				"${PODS_ROOT}/Manifest.lock",
			);
			name = "[CP] Check Pods Manifest.lock";
			outputFileListPaths = (
			);
			outputPaths = (
				"$(DERIVED_FILE_DIR)/Pods-SwiftUIRoute-checkManifestLockResult.txt",
			);
			runOnlyForDeploymentPostprocessing = 0;
			shellPath = /bin/sh;
			shellScript = "diff \"${PODS_PODFILE_DIR_PATH}/Podfile.lock\" \"${PODS_ROOT}/Manifest.lock\" > /dev/null\nif [ $? != 0 ] ; then\n    # print error to STDERR\n    echo \"error: The sandbox is not in sync with the Podfile.lock. Run 'pod install' or update your CocoaPods installation.\" >&2\n    exit 1\nfi\n# This output is used by Xcode 'outputs' to avoid re-running this script phase.\necho \"SUCCESS\" > \"${SCRIPT_OUTPUT_FILE_0}\"\n";
			showEnvVarsInLog = 0;
		};
/* End PBXShellScriptBuildPhase section */

/* Begin PBXSourcesBuildPhase section */
		DF7196872AA0702E0073F214 /* Sources */ = {
			isa = PBXSourcesBuildPhase;
			buildActionMask = 2147483647;
			files = (
				DF066B252AD3C0760076B1C6 /* CharacterMatchView.swift in Sources */,
				DF1F355C2AC182B5009147D3 /* MainTabBar.swift in Sources */,
				DF7D8B3D2AC3FB9700FA0E01 /* BaseAnimatorDelegate.swift in Sources */,
				DF066B122AD2AEFE0076B1C6 /* BaseViewModel.swift in Sources */,
				DF066B352AD3E42C0076B1C6 /* OSSManager.swift in Sources */,
				DF7D8B392AC3F4D700FA0E01 /* FullscreenAnimatorDelegate.swift in Sources */,
				DF066B0A2AD2AAB60076B1C6 /* CommonApi.swift in Sources */,
				DF7196A52AA072A40073F214 /* RouteNavigationController.swift in Sources */,
				DF8C8F452AC5602400DF8895 /* NDToast.swift in Sources */,
				DF1F35572AC18075009147D3 /* AAEnums.swift in Sources */,
				DF066B442AD4F5C00076B1C6 /* PetApi.swift in Sources */,
				DF066B272AD3C0960076B1C6 /* PetAdoptCompletedView.swift in Sources */,
				DF7D8B452AC40C7A00FA0E01 /* BarBackgorundView.swift in Sources */,
				DF066B102AD2AE5C0076B1C6 /* LoginViewModel.swift in Sources */,
				DF8C8F432AC55B9800DF8895 /* NDLoaddingView.swift in Sources */,
				DF815D7A2AC44DBA008DB6DC /* NDProgress.swift in Sources */,
				DFD766292AA983C300233310 /* SwiftUIAndModifier.swift in Sources */,
				DF066B2B2AD3C30F0076B1C6 /* RouteStore+Helps.swift in Sources */,
				DF7196BB2AA07FCD0073F214 /* View+Route.swift in Sources */,
				DF8C8F152AC5230500DF8895 /* NDNavBar.swift in Sources */,
				DF7D8B322AC3BDAA00FA0E01 /* HomeView.swift in Sources */,
				DFD7662B2AA9A0D900233310 /* ScrollViewContentOffset.swift in Sources */,
				DF7196A92AA072C00073F214 /* RouteViewController.swift in Sources */,
				DF815D732AC43A65008DB6DC /* MoyaResult+Extension.swift in Sources */,
				DF71968F2AA0702E0073F214 /* AppDelegate.swift in Sources */,
				DF066B402AD4E8FA0076B1C6 /* GlobalDataStore.swift in Sources */,
				DF066B3A2AD3EEA30076B1C6 /* NDBottomSheetView.swift in Sources */,
				DF1F35692AC18CD4009147D3 /* GlobalFuction.swift in Sources */,
				DF066B2D2AD3CDF10076B1C6 /* UserAvatar.swift in Sources */,
				DF7D8B362AC3DECB00FA0E01 /* RouteViewController+CustomSheetable.swift in Sources */,
				DF066B212AD3BF710076B1C6 /* PerfectBaseInfoView.swift in Sources */,
				DF1F355A2AC1825F009147D3 /* MainViewModel.swift in Sources */,
				DF7D8B432AC4089500FA0E01 /* NavBarViewModifier.swift in Sources */,
				DF815D782AC4404C008DB6DC /* TestApi.swift in Sources */,
				DF066B062AD2A6190076B1C6 /* TokenModel.swift in Sources */,
				DF066B1E2AD3A56D0076B1C6 /* Button+.swift in Sources */,
				DF815D6D2AC4394A008DB6DC /* NetworkPopPlugin.swift in Sources */,
				DF066B3C2AD3F0120076B1C6 /* NDBottomSheetCard.swift in Sources */,
				DF7196B32AA074D00073F214 /* RouteStore.swift in Sources */,
				DF7196AD2AA073A90073F214 /* Route.swift in Sources */,
				DF8C8F172AC5273700DF8895 /* NDBottomBar.swift in Sources */,
				DF815D692AC43889008DB6DC /* Networking.swift in Sources */,
				DF066B1A2AD39F1D0076B1C6 /* TextField+.swift in Sources */,
				DF066B422AD4F0180076B1C6 /* String+.swift in Sources */,
				DF066B0C2AD2AAC60076B1C6 /* LoginApi.swift in Sources */,
				DF7D8B542AC413FA00FA0E01 /* ProjectConfig.swift in Sources */,
				DF7196B12AA074490073F214 /* Route+Page.swift in Sources */,
				DF7196B92AA076900073F214 /* UIViewController+Route.swift in Sources */,
				DF1F356C2AC1908A009147D3 /* LoginView.swift in Sources */,
				DF7D8B522AC413C300FA0E01 /* BlurView.swift in Sources */,
				DF815D672AC4325F008DB6DC /* NDTargetType.swift in Sources */,
				DF066B002AD2A2F70076B1C6 /* LocalUserManager.swift in Sources */,
				DF066B3E2AD3F1DC0076B1C6 /* NDBottomSheetItem.swift in Sources */,
				DF066B182AD3978A0076B1C6 /* Font+.swift in Sources */,
				DF7D8B502AC4136E00FA0E01 /* View+.swift in Sources */,
				DF7D8B4C2AC412E100FA0E01 /* Text+.swift in Sources */,
				DF7196912AA0702E0073F214 /* SceneDelegate.swift in Sources */,
				DF8C8F132AC5186200DF8895 /* NDScaffold.swift in Sources */,
				DF7D8B3B2AC3F6F700FA0E01 /* PresentationBackgroudController.swift in Sources */,
				DF066B312AD3D5E30076B1C6 /* UploadUserAvatar.swift in Sources */,
				DF8C8F1D2AC54E9800DF8895 /* NDLottieView.swift in Sources */,
				DF7196A72AA072B30073F214 /* RouteSplitViewController.swift in Sources */,
				DF066B162AD394D10076B1C6 /* NDTheme.swift in Sources */,
				DF066B0E2AD2AACF0076B1C6 /* UserApi.swift in Sources */,
				DF7D8B4E2AC4132D00FA0E01 /* Shape+.swift in Sources */,
				DF1F35522AC17FF9009147D3 /* MainView.swift in Sources */,
				DF066B022AD2A37B0076B1C6 /* UserInfo.swift in Sources */,
				DF7D8B4A2AC4108C00FA0E01 /* Color+.swift in Sources */,
				DF066B4A2AD53BEA0076B1C6 /* StateObject+.swift in Sources */,
				DF7D8B472AC40DDA00FA0E01 /* BottomBarViewModifier.swift in Sources */,
				DF7D8B402AC3FF2500FA0E01 /* TestView.swift in Sources */,
				DF815D752AC43B1C008DB6DC /* Response+Extension.swift in Sources */,
				DF066B042AD2A4AB0076B1C6 /* Convertible+.swift in Sources */,
				DF815D6E2AC4394A008DB6DC /* NetworkLoggerPlugin.swift in Sources */,
				DF066B482AD539880076B1C6 /* PetRecommendView.swift in Sources */,
				DF066B382AD3E8810076B1C6 /* NDListPickerSheet.swift in Sources */,
				DF066B332AD3E1620076B1C6 /* PerfectBaseInfoViewModel.swift in Sources */,
				DF1F35632AC185B8009147D3 /* WelcomeViewModel.swift in Sources */,
				DF1F35612AC18573009147D3 /* WelcomeView.swift in Sources */,
				DF066B462AD4FAEA0076B1C6 /* PetModel.swift in Sources */,
				DF066B292AD3C0CE0076B1C6 /* ThirdSDKManager.swift in Sources */,
				DF815D712AC43A46008DB6DC /* MoyaProviderType+Extension.swift in Sources */,
				DF066B082AD2A76F0076B1C6 /* StepModel.swift in Sources */,
				DF066B1C2AD3A26D0076B1C6 /* Styles.swift in Sources */,
			);
			runOnlyForDeploymentPostprocessing = 0;
		};
/* End PBXSourcesBuildPhase section */

/* Begin PBXVariantGroup section */
		DF7196992AA0702F0073F214 /* LaunchScreen.storyboard */ = {
			isa = PBXVariantGroup;
			children = (
				DF71969A2AA0702F0073F214 /* Base */,
			);
			name = LaunchScreen.storyboard;
			sourceTree = "<group>";
		};
/* End PBXVariantGroup section */

/* Begin XCBuildConfiguration section */
		DF71969D2AA0702F0073F214 /* Debug */ = {
			isa = XCBuildConfiguration;
			buildSettings = {
				ALWAYS_SEARCH_USER_PATHS = NO;
				CLANG_ANALYZER_NONNULL = YES;
				CLANG_ANALYZER_NUMBER_OBJECT_CONVERSION = YES_AGGRESSIVE;
				CLANG_CXX_LANGUAGE_STANDARD = "gnu++20";
				CLANG_ENABLE_MODULES = YES;
				CLANG_ENABLE_OBJC_ARC = YES;
				CLANG_ENABLE_OBJC_WEAK = YES;
				CLANG_WARN_BLOCK_CAPTURE_AUTORELEASING = YES;
				CLANG_WARN_BOOL_CONVERSION = YES;
				CLANG_WARN_COMMA = YES;
				CLANG_WARN_CONSTANT_CONVERSION = YES;
				CLANG_WARN_DEPRECATED_OBJC_IMPLEMENTATIONS = YES;
				CLANG_WARN_DIRECT_OBJC_ISA_USAGE = YES_ERROR;
				CLANG_WARN_DOCUMENTATION_COMMENTS = YES;
				CLANG_WARN_EMPTY_BODY = YES;
				CLANG_WARN_ENUM_CONVERSION = YES;
				CLANG_WARN_INFINITE_RECURSION = YES;
				CLANG_WARN_INT_CONVERSION = YES;
				CLANG_WARN_NON_LITERAL_NULL_CONVERSION = YES;
				CLANG_WARN_OBJC_IMPLICIT_RETAIN_SELF = YES;
				CLANG_WARN_OBJC_LITERAL_CONVERSION = YES;
				CLANG_WARN_OBJC_ROOT_CLASS = YES_ERROR;
				CLANG_WARN_QUOTED_INCLUDE_IN_FRAMEWORK_HEADER = YES;
				CLANG_WARN_RANGE_LOOP_ANALYSIS = YES;
				CLANG_WARN_STRICT_PROTOTYPES = YES;
				CLANG_WARN_SUSPICIOUS_MOVE = YES;
				CLANG_WARN_UNGUARDED_AVAILABILITY = YES_AGGRESSIVE;
				CLANG_WARN_UNREACHABLE_CODE = YES;
				CLANG_WARN__DUPLICATE_METHOD_MATCH = YES;
				COPY_PHASE_STRIP = NO;
				DEBUG_INFORMATION_FORMAT = dwarf;
				ENABLE_STRICT_OBJC_MSGSEND = YES;
				ENABLE_TESTABILITY = YES;
				GCC_C_LANGUAGE_STANDARD = gnu11;
				GCC_DYNAMIC_NO_PIC = NO;
				GCC_NO_COMMON_BLOCKS = YES;
				GCC_OPTIMIZATION_LEVEL = 0;
				GCC_PREPROCESSOR_DEFINITIONS = (
					"DEBUG=1",
					"$(inherited)",
				);
				GCC_WARN_64_TO_32_BIT_CONVERSION = YES;
				GCC_WARN_ABOUT_RETURN_TYPE = YES_ERROR;
				GCC_WARN_UNDECLARED_SELECTOR = YES;
				GCC_WARN_UNINITIALIZED_AUTOS = YES_AGGRESSIVE;
				GCC_WARN_UNUSED_FUNCTION = YES;
				GCC_WARN_UNUSED_VARIABLE = YES;
				IPHONEOS_DEPLOYMENT_TARGET = 16.4;
				MTL_ENABLE_DEBUG_INFO = INCLUDE_SOURCE;
				MTL_FAST_MATH = YES;
				ONLY_ACTIVE_ARCH = YES;
				SDKROOT = iphoneos;
				SWIFT_ACTIVE_COMPILATION_CONDITIONS = DEBUG;
				SWIFT_OPTIMIZATION_LEVEL = "-Onone";
			};
			name = Debug;
		};
		DF71969E2AA0702F0073F214 /* Release */ = {
			isa = XCBuildConfiguration;
			buildSettings = {
				ALWAYS_SEARCH_USER_PATHS = NO;
				CLANG_ANALYZER_NONNULL = YES;
				CLANG_ANALYZER_NUMBER_OBJECT_CONVERSION = YES_AGGRESSIVE;
				CLANG_CXX_LANGUAGE_STANDARD = "gnu++20";
				CLANG_ENABLE_MODULES = YES;
				CLANG_ENABLE_OBJC_ARC = YES;
				CLANG_ENABLE_OBJC_WEAK = YES;
				CLANG_WARN_BLOCK_CAPTURE_AUTORELEASING = YES;
				CLANG_WARN_BOOL_CONVERSION = YES;
				CLANG_WARN_COMMA = YES;
				CLANG_WARN_CONSTANT_CONVERSION = YES;
				CLANG_WARN_DEPRECATED_OBJC_IMPLEMENTATIONS = YES;
				CLANG_WARN_DIRECT_OBJC_ISA_USAGE = YES_ERROR;
				CLANG_WARN_DOCUMENTATION_COMMENTS = YES;
				CLANG_WARN_EMPTY_BODY = YES;
				CLANG_WARN_ENUM_CONVERSION = YES;
				CLANG_WARN_INFINITE_RECURSION = YES;
				CLANG_WARN_INT_CONVERSION = YES;
				CLANG_WARN_NON_LITERAL_NULL_CONVERSION = YES;
				CLANG_WARN_OBJC_IMPLICIT_RETAIN_SELF = YES;
				CLANG_WARN_OBJC_LITERAL_CONVERSION = YES;
				CLANG_WARN_OBJC_ROOT_CLASS = YES_ERROR;
				CLANG_WARN_QUOTED_INCLUDE_IN_FRAMEWORK_HEADER = YES;
				CLANG_WARN_RANGE_LOOP_ANALYSIS = YES;
				CLANG_WARN_STRICT_PROTOTYPES = YES;
				CLANG_WARN_SUSPICIOUS_MOVE = YES;
				CLANG_WARN_UNGUARDED_AVAILABILITY = YES_AGGRESSIVE;
				CLANG_WARN_UNREACHABLE_CODE = YES;
				CLANG_WARN__DUPLICATE_METHOD_MATCH = YES;
				COPY_PHASE_STRIP = NO;
				DEBUG_INFORMATION_FORMAT = "dwarf-with-dsym";
				ENABLE_NS_ASSERTIONS = NO;
				ENABLE_STRICT_OBJC_MSGSEND = YES;
				GCC_C_LANGUAGE_STANDARD = gnu11;
				GCC_NO_COMMON_BLOCKS = YES;
				GCC_WARN_64_TO_32_BIT_CONVERSION = YES;
				GCC_WARN_ABOUT_RETURN_TYPE = YES_ERROR;
				GCC_WARN_UNDECLARED_SELECTOR = YES;
				GCC_WARN_UNINITIALIZED_AUTOS = YES_AGGRESSIVE;
				GCC_WARN_UNUSED_FUNCTION = YES;
				GCC_WARN_UNUSED_VARIABLE = YES;
				IPHONEOS_DEPLOYMENT_TARGET = 16.4;
				MTL_ENABLE_DEBUG_INFO = NO;
				MTL_FAST_MATH = YES;
				SDKROOT = iphoneos;
				SWIFT_COMPILATION_MODE = wholemodule;
				SWIFT_OPTIMIZATION_LEVEL = "-O";
				VALIDATE_PRODUCT = YES;
			};
			name = Release;
		};
		DF7196A02AA0702F0073F214 /* Debug */ = {
			isa = XCBuildConfiguration;
			baseConfigurationReference = 7B2DF52C205F1FEEFAE013C7 /* Pods-SwiftUIRoute.debug.xcconfig */;
			buildSettings = {
				ASSETCATALOG_COMPILER_APPICON_NAME = AppIcon;
				ASSETCATALOG_COMPILER_GLOBAL_ACCENT_COLOR_NAME = AccentColor;
				CODE_SIGN_STYLE = Automatic;
				CURRENT_PROJECT_VERSION = 1;
				DEVELOPMENT_TEAM = Y3583579KM;
				GENERATE_INFOPLIST_FILE = YES;
				INFOPLIST_FILE = SwiftUIRoute/Info.plist;
				INFOPLIST_KEY_UIApplicationSupportsIndirectInputEvents = YES;
				INFOPLIST_KEY_UILaunchStoryboardName = LaunchScreen;
				INFOPLIST_KEY_UISupportedInterfaceOrientations_iPad = "UIInterfaceOrientationPortrait UIInterfaceOrientationPortraitUpsideDown UIInterfaceOrientationLandscapeLeft UIInterfaceOrientationLandscapeRight";
				INFOPLIST_KEY_UISupportedInterfaceOrientations_iPhone = "UIInterfaceOrientationPortrait UIInterfaceOrientationLandscapeLeft UIInterfaceOrientationLandscapeRight";
				IPHONEOS_DEPLOYMENT_TARGET = 14.0;
				LD_RUNPATH_SEARCH_PATHS = (
					"$(inherited)",
					"@executable_path/Frameworks",
				);
				MARKETING_VERSION = 1.0;
				PRODUCT_BUNDLE_IDENTIFIER = com.sup.tiquantool.SwiftUIRoute;
				PRODUCT_NAME = "$(TARGET_NAME)";
				SWIFT_EMIT_LOC_STRINGS = YES;
				SWIFT_VERSION = 5.0;
				TARGETED_DEVICE_FAMILY = "1,2";
			};
			name = Debug;
		};
		DF7196A12AA0702F0073F214 /* Release */ = {
			isa = XCBuildConfiguration;
			baseConfigurationReference = 00868EB4704E26CF766DB6C7 /* Pods-SwiftUIRoute.release.xcconfig */;
			buildSettings = {
				ASSETCATALOG_COMPILER_APPICON_NAME = AppIcon;
				ASSETCATALOG_COMPILER_GLOBAL_ACCENT_COLOR_NAME = AccentColor;
				CODE_SIGN_STYLE = Automatic;
				CURRENT_PROJECT_VERSION = 1;
				DEVELOPMENT_TEAM = Y3583579KM;
				GENERATE_INFOPLIST_FILE = YES;
				INFOPLIST_FILE = SwiftUIRoute/Info.plist;
				INFOPLIST_KEY_UIApplicationSupportsIndirectInputEvents = YES;
				INFOPLIST_KEY_UILaunchStoryboardName = LaunchScreen;
				INFOPLIST_KEY_UISupportedInterfaceOrientations_iPad = "UIInterfaceOrientationPortrait UIInterfaceOrientationPortraitUpsideDown UIInterfaceOrientationLandscapeLeft UIInterfaceOrientationLandscapeRight";
				INFOPLIST_KEY_UISupportedInterfaceOrientations_iPhone = "UIInterfaceOrientationPortrait UIInterfaceOrientationLandscapeLeft UIInterfaceOrientationLandscapeRight";
				IPHONEOS_DEPLOYMENT_TARGET = 14.0;
				LD_RUNPATH_SEARCH_PATHS = (
					"$(inherited)",
					"@executable_path/Frameworks",
				);
				MARKETING_VERSION = 1.0;
				PRODUCT_BUNDLE_IDENTIFIER = com.sup.tiquantool.SwiftUIRoute;
				PRODUCT_NAME = "$(TARGET_NAME)";
				SWIFT_EMIT_LOC_STRINGS = YES;
				SWIFT_VERSION = 5.0;
				TARGETED_DEVICE_FAMILY = "1,2";
			};
			name = Release;
		};
/* End XCBuildConfiguration section */

/* Begin XCConfigurationList section */
		DF7196862AA0702E0073F214 /* Build configuration list for PBXProject "SwiftUIRoute" */ = {
			isa = XCConfigurationList;
			buildConfigurations = (
				DF71969D2AA0702F0073F214 /* Debug */,
				DF71969E2AA0702F0073F214 /* Release */,
			);
			defaultConfigurationIsVisible = 0;
			defaultConfigurationName = Release;
		};
		DF71969F2AA0702F0073F214 /* Build configuration list for PBXNativeTarget "SwiftUIRoute" */ = {
			isa = XCConfigurationList;
			buildConfigurations = (
				DF7196A02AA0702F0073F214 /* Debug */,
				DF7196A12AA0702F0073F214 /* Release */,
			);
			defaultConfigurationIsVisible = 0;
			defaultConfigurationName = Release;
		};
/* End XCConfigurationList section */

/* Begin XCRemoteSwiftPackageReference section */
		DF066B4B2AD5408E0076B1C6 /* XCRemoteSwiftPackageReference "TagCloud.git" */ = {
			isa = XCRemoteSwiftPackageReference;
			repositoryURL = "https://github.com/yarspirin/TagCloud.git";
			requirement = {
				kind = upToNextMajorVersion;
				minimumVersion = 1.0.0;
			};
		};
		DF066B512AD5442B0076B1C6 /* XCRemoteSwiftPackageReference "PanModal.git" */ = {
			isa = XCRemoteSwiftPackageReference;
			repositoryURL = "https://github.com/slackhq/PanModal.git";
			requirement = {
				kind = upToNextMajorVersion;
				minimumVersion = 1.0.0;
			};
		};
		DF066B542AD544A90076B1C6 /* XCRemoteSwiftPackageReference "swiftui-introspect" */ = {
			isa = XCRemoteSwiftPackageReference;
			repositoryURL = "https://github.com/siteline/swiftui-introspect";
			requirement = {
				kind = upToNextMajorVersion;
				minimumVersion = 1.0.0;
			};
		};
		DF066B572AD5451E0076B1C6 /* XCRemoteSwiftPackageReference "SwifterSwift" */ = {
			isa = XCRemoteSwiftPackageReference;
			repositoryURL = "https://github.com/SwifterSwift/SwifterSwift";
			requirement = {
				kind = upToNextMajorVersion;
				minimumVersion = 5.0.0;
			};
		};
		DF066B5A2AD5455B0076B1C6 /* XCRemoteSwiftPackageReference "KakaJSON" */ = {
			isa = XCRemoteSwiftPackageReference;
			repositoryURL = "https://github.com/kakaopensource/KakaJSON";
			requirement = {
				kind = upToNextMajorVersion;
				minimumVersion = 1.0.0;
			};
		};
		DF066B5D2AD545810076B1C6 /* XCRemoteSwiftPackageReference "SwiftyJSON" */ = {
			isa = XCRemoteSwiftPackageReference;
			repositoryURL = "https://github.com/SwiftyJSON/SwiftyJSON";
			requirement = {
				kind = upToNextMajorVersion;
				minimumVersion = 5.0.0;
			};
		};
		DF066B602AD545CE0076B1C6 /* XCRemoteSwiftPackageReference "Kingfisher" */ = {
			isa = XCRemoteSwiftPackageReference;
			repositoryURL = "https://github.com/onevcat/Kingfisher";
			requirement = {
				kind = upToNextMajorVersion;
				minimumVersion = 7.0.0;
			};
		};
		DF066B632AD546330076B1C6 /* XCRemoteSwiftPackageReference "Toaster" */ = {
			isa = XCRemoteSwiftPackageReference;
			repositoryURL = "https://github.com/devxoul/Toaster";
			requirement = {
				branch = master;
				kind = branch;
			};
		};
		DF5D4C242AD54DF1006981CA /* XCRemoteSwiftPackageReference "Moya.git" */ = {
			isa = XCRemoteSwiftPackageReference;
			repositoryURL = "https://github.com/Moya/Moya.git";
			requirement = {
				kind = upToNextMajorVersion;
				minimumVersion = 15.0.0;
			};
		};
		DF5D4C272AD54E9F006981CA /* XCRemoteSwiftPackageReference "lottie-ios" */ = {
			isa = XCRemoteSwiftPackageReference;
			repositoryURL = "https://github.com/airbnb/lottie-ios";
			requirement = {
				kind = upToNextMajorVersion;
				minimumVersion = 4.0.0;
			};
		};
		DF5D4C2A2AD54EE2006981CA /* XCRemoteSwiftPackageReference "ZLPhotoBrowser" */ = {
			isa = XCRemoteSwiftPackageReference;
			repositoryURL = "https://github.com/longitachi/ZLPhotoBrowser";
			requirement = {
				kind = upToNextMajorVersion;
				minimumVersion = 4.0.0;
			};
		};
		DF5D4C2D2AD54FB2006981CA /* XCRemoteSwiftPackageReference "objc-sdk" */ = {
			isa = XCRemoteSwiftPackageReference;
			repositoryURL = "https://github.com/qiniu/objc-sdk";
			requirement = {
				kind = versionRange;
				maximumVersion = 9.0.0;
				minimumVersion = 8.0.0;
			};
		};
/* End XCRemoteSwiftPackageReference section */

/* Begin XCSwiftPackageProductDependency section */
		DF066B4C2AD5408E0076B1C6 /* TagCloud */ = {
			isa = XCSwiftPackageProductDependency;
			package = DF066B4B2AD5408E0076B1C6 /* XCRemoteSwiftPackageReference "TagCloud.git" */;
			productName = TagCloud;
		};
		DF066B522AD5442B0076B1C6 /* PanModal */ = {
			isa = XCSwiftPackageProductDependency;
			package = DF066B512AD5442B0076B1C6 /* XCRemoteSwiftPackageReference "PanModal.git" */;
			productName = PanModal;
		};
		DF066B552AD544A90076B1C6 /* SwiftUIIntrospect */ = {
			isa = XCSwiftPackageProductDependency;
			package = DF066B542AD544A90076B1C6 /* XCRemoteSwiftPackageReference "swiftui-introspect" */;
			productName = SwiftUIIntrospect;
		};
		DF066B582AD5451E0076B1C6 /* SwifterSwift */ = {
			isa = XCSwiftPackageProductDependency;
			package = DF066B572AD5451E0076B1C6 /* XCRemoteSwiftPackageReference "SwifterSwift" */;
			productName = SwifterSwift;
		};
		DF066B5B2AD5455B0076B1C6 /* KakaJSON */ = {
			isa = XCSwiftPackageProductDependency;
			package = DF066B5A2AD5455B0076B1C6 /* XCRemoteSwiftPackageReference "KakaJSON" */;
			productName = KakaJSON;
		};
		DF066B5E2AD545810076B1C6 /* SwiftyJSON */ = {
			isa = XCSwiftPackageProductDependency;
			package = DF066B5D2AD545810076B1C6 /* XCRemoteSwiftPackageReference "SwiftyJSON" */;
			productName = SwiftyJSON;
		};
		DF066B612AD545CE0076B1C6 /* Kingfisher */ = {
			isa = XCSwiftPackageProductDependency;
			package = DF066B602AD545CE0076B1C6 /* XCRemoteSwiftPackageReference "Kingfisher" */;
			productName = Kingfisher;
		};
		DF066B642AD546330076B1C6 /* Toaster */ = {
			isa = XCSwiftPackageProductDependency;
			package = DF066B632AD546330076B1C6 /* XCRemoteSwiftPackageReference "Toaster" */;
			productName = Toaster;
		};
		DF5D4C252AD54DF1006981CA /* Moya */ = {
			isa = XCSwiftPackageProductDependency;
			package = DF5D4C242AD54DF1006981CA /* XCRemoteSwiftPackageReference "Moya.git" */;
			productName = Moya;
		};
		DF5D4C282AD54E9F006981CA /* Lottie */ = {
			isa = XCSwiftPackageProductDependency;
			package = DF5D4C272AD54E9F006981CA /* XCRemoteSwiftPackageReference "lottie-ios" */;
			productName = Lottie;
		};
		DF5D4C2B2AD54EE2006981CA /* ZLPhotoBrowser */ = {
			isa = XCSwiftPackageProductDependency;
			package = DF5D4C2A2AD54EE2006981CA /* XCRemoteSwiftPackageReference "ZLPhotoBrowser" */;
			productName = ZLPhotoBrowser;
		};
		DF5D4C2E2AD54FB2006981CA /* Qiniu */ = {
			isa = XCSwiftPackageProductDependency;
			package = DF5D4C2D2AD54FB2006981CA /* XCRemoteSwiftPackageReference "objc-sdk" */;
			productName = Qiniu;
		};
/* End XCSwiftPackageProductDependency section */
	};
	rootObject = DF7196832AA0702E0073F214 /* Project object */;
}
